// !$*UTF8*$!
{
	archiveVersion = 1;
	classes = {
	};
	objectVersion = 42;
	objects = {

/* Begin PBXBuildFile section */
		4279F89015A8BA0F006C5F41 /* ofxDepthGenerator.cpp in Sources */ = {isa = PBXBuildFile; fileRef = 4279F85E15A8BA0E006C5F41 /* ofxDepthGenerator.cpp */; };
		4279F89115A8BA0F006C5F41 /* ofxGestureGenerator.cpp in Sources */ = {isa = PBXBuildFile; fileRef = 4279F86015A8BA0E006C5F41 /* ofxGestureGenerator.cpp */; };
		4279F89215A8BA0F006C5F41 /* ofxHandGenerator.cpp in Sources */ = {isa = PBXBuildFile; fileRef = 4279F86215A8BA0E006C5F41 /* ofxHandGenerator.cpp */; };
		4279F89315A8BA0F006C5F41 /* ofxHardwareDriver.cpp in Sources */ = {isa = PBXBuildFile; fileRef = 4279F86415A8BA0E006C5F41 /* ofxHardwareDriver.cpp */; };
		4279F89415A8BA0F006C5F41 /* ofxImageGenerator.cpp in Sources */ = {isa = PBXBuildFile; fileRef = 4279F86615A8BA0E006C5F41 /* ofxImageGenerator.cpp */; };
		4279F89515A8BA0F006C5F41 /* ofxIRGenerator.cpp in Sources */ = {isa = PBXBuildFile; fileRef = 4279F86815A8BA0E006C5F41 /* ofxIRGenerator.cpp */; };
		4279F89615A8BA0F006C5F41 /* ofxOpenNIContext.cpp in Sources */ = {isa = PBXBuildFile; fileRef = 4279F86B15A8BA0E006C5F41 /* ofxOpenNIContext.cpp */; };
		4279F89715A8BA0F006C5F41 /* ofxOpenNIRecorder.cpp in Sources */ = {isa = PBXBuildFile; fileRef = 4279F86E15A8BA0E006C5F41 /* ofxOpenNIRecorder.cpp */; };
		4279F89815A8BA0F006C5F41 /* ofxTrackedHand.cpp in Sources */ = {isa = PBXBuildFile; fileRef = 4279F87015A8BA0E006C5F41 /* ofxTrackedHand.cpp */; };
		4279F89915A8BA0F006C5F41 /* ofxTrackedUser.cpp in Sources */ = {isa = PBXBuildFile; fileRef = 4279F87215A8BA0E006C5F41 /* ofxTrackedUser.cpp */; };
		4279F89A15A8BA0F006C5F41 /* ofxUserGenerator.cpp in Sources */ = {isa = PBXBuildFile; fileRef = 4279F87415A8BA0E006C5F41 /* ofxUserGenerator.cpp */; };
		4279F8AF15A8BA40006C5F41 /* libnimCodecs.dylib in Frameworks */ = {isa = PBXBuildFile; fileRef = 4279F8A115A8BA40006C5F41 /* libnimCodecs.dylib */; };
		4279F8B015A8BA40006C5F41 /* libnimMockNodes.dylib in Frameworks */ = {isa = PBXBuildFile; fileRef = 4279F8A215A8BA40006C5F41 /* libnimMockNodes.dylib */; };
		4279F8B115A8BA40006C5F41 /* libnimRecorder.dylib in Frameworks */ = {isa = PBXBuildFile; fileRef = 4279F8A315A8BA40006C5F41 /* libnimRecorder.dylib */; };
		4279F8B215A8BA40006C5F41 /* libOpenNI.dylib in Frameworks */ = {isa = PBXBuildFile; fileRef = 4279F8A415A8BA40006C5F41 /* libOpenNI.dylib */; };
		4279F8B315A8BA40006C5F41 /* libusb-1.0.0.dylib in Frameworks */ = {isa = PBXBuildFile; fileRef = 4279F8A515A8BA40006C5F41 /* libusb-1.0.0.dylib */; };
		4279F8B415A8BA40006C5F41 /* libXnCore.dylib in Frameworks */ = {isa = PBXBuildFile; fileRef = 4279F8A615A8BA40006C5F41 /* libXnCore.dylib */; };
		4279F8B515A8BA40006C5F41 /* libXnDDK.dylib in Frameworks */ = {isa = PBXBuildFile; fileRef = 4279F8A715A8BA40006C5F41 /* libXnDDK.dylib */; };
		4279F8B615A8BA40006C5F41 /* libXnDeviceFile.dylib in Frameworks */ = {isa = PBXBuildFile; fileRef = 4279F8A815A8BA40006C5F41 /* libXnDeviceFile.dylib */; };
		4279F8B715A8BA40006C5F41 /* libXnDeviceSensorV2KM.dylib in Frameworks */ = {isa = PBXBuildFile; fileRef = 4279F8A915A8BA40006C5F41 /* libXnDeviceSensorV2KM.dylib */; };
		4279F8B815A8BA40006C5F41 /* libXnFormats.dylib in Frameworks */ = {isa = PBXBuildFile; fileRef = 4279F8AA15A8BA40006C5F41 /* libXnFormats.dylib */; };
		4279F8B915A8BA40006C5F41 /* libXnVCNITE_1_5_2.dylib in Frameworks */ = {isa = PBXBuildFile; fileRef = 4279F8AB15A8BA40006C5F41 /* libXnVCNITE_1_5_2.dylib */; };
		4279F8BA15A8BA40006C5F41 /* libXnVFeatures_1_5_2.dylib in Frameworks */ = {isa = PBXBuildFile; fileRef = 4279F8AC15A8BA40006C5F41 /* libXnVFeatures_1_5_2.dylib */; };
		4279F8BB15A8BA40006C5F41 /* libXnVHandGenerator_1_5_2.dylib in Frameworks */ = {isa = PBXBuildFile; fileRef = 4279F8AD15A8BA40006C5F41 /* libXnVHandGenerator_1_5_2.dylib */; };
		4279F8BC15A8BA40006C5F41 /* libXnVNite_1_5_2.dylib in Frameworks */ = {isa = PBXBuildFile; fileRef = 4279F8AE15A8BA40006C5F41 /* libXnVNite_1_5_2.dylib */; };
		4279F93115A8DD4E006C5F41 /* ofxMPMFluid.cpp in Sources */ = {isa = PBXBuildFile; fileRef = 4279F92215A8DD4D006C5F41 /* ofxMPMFluid.cpp */; };
		4279F93215A8DD4E006C5F41 /* ofxMPMNode.cpp in Sources */ = {isa = PBXBuildFile; fileRef = 4279F92415A8DD4D006C5F41 /* ofxMPMNode.cpp */; };
		4279F93315A8DD4E006C5F41 /* ofxMPMObstacle.cpp in Sources */ = {isa = PBXBuildFile; fileRef = 4279F92615A8DD4D006C5F41 /* ofxMPMObstacle.cpp */; };
		4279F93415A8DD4E006C5F41 /* ofxMPMParticle.cpp in Sources */ = {isa = PBXBuildFile; fileRef = 4279F92815A8DD4D006C5F41 /* ofxMPMParticle.cpp */; };
		BBAB23CB13894F3D00AA2426 /* GLUT.framework in CopyFiles */ = {isa = PBXBuildFile; fileRef = BBAB23BE13894E4700AA2426 /* GLUT.framework */; };
		E4328149138ABC9F0047C5CB /* openFrameworksDebug.a in Frameworks */ = {isa = PBXBuildFile; fileRef = E4328148138ABC890047C5CB /* openFrameworksDebug.a */; };
		E45BE97B0E8CC7DD009D7055 /* AGL.framework in Frameworks */ = {isa = PBXBuildFile; fileRef = E45BE9710E8CC7DD009D7055 /* AGL.framework */; };
		E45BE97C0E8CC7DD009D7055 /* ApplicationServices.framework in Frameworks */ = {isa = PBXBuildFile; fileRef = E45BE9720E8CC7DD009D7055 /* ApplicationServices.framework */; };
		E45BE97D0E8CC7DD009D7055 /* AudioToolbox.framework in Frameworks */ = {isa = PBXBuildFile; fileRef = E45BE9730E8CC7DD009D7055 /* AudioToolbox.framework */; };
		E45BE97E0E8CC7DD009D7055 /* Carbon.framework in Frameworks */ = {isa = PBXBuildFile; fileRef = E45BE9740E8CC7DD009D7055 /* Carbon.framework */; };
		E45BE97F0E8CC7DD009D7055 /* CoreAudio.framework in Frameworks */ = {isa = PBXBuildFile; fileRef = E45BE9750E8CC7DD009D7055 /* CoreAudio.framework */; };
		E45BE9800E8CC7DD009D7055 /* CoreFoundation.framework in Frameworks */ = {isa = PBXBuildFile; fileRef = E45BE9760E8CC7DD009D7055 /* CoreFoundation.framework */; };
		E45BE9810E8CC7DD009D7055 /* CoreServices.framework in Frameworks */ = {isa = PBXBuildFile; fileRef = E45BE9770E8CC7DD009D7055 /* CoreServices.framework */; };
		E45BE9830E8CC7DD009D7055 /* OpenGL.framework in Frameworks */ = {isa = PBXBuildFile; fileRef = E45BE9790E8CC7DD009D7055 /* OpenGL.framework */; };
		E45BE9840E8CC7DD009D7055 /* QuickTime.framework in Frameworks */ = {isa = PBXBuildFile; fileRef = E45BE97A0E8CC7DD009D7055 /* QuickTime.framework */; };
		E4B69E200A3A1BDC003C02F2 /* main.cpp in Sources */ = {isa = PBXBuildFile; fileRef = E4B69E1D0A3A1BDC003C02F2 /* main.cpp */; };
		E4B69E210A3A1BDC003C02F2 /* testApp.cpp in Sources */ = {isa = PBXBuildFile; fileRef = E4B69E1E0A3A1BDC003C02F2 /* testApp.cpp */; };
		E4C2424710CC5A17004149E2 /* AppKit.framework in Frameworks */ = {isa = PBXBuildFile; fileRef = E4C2424410CC5A17004149E2 /* AppKit.framework */; };
		E4C2424810CC5A17004149E2 /* Cocoa.framework in Frameworks */ = {isa = PBXBuildFile; fileRef = E4C2424510CC5A17004149E2 /* Cocoa.framework */; };
		E4C2424910CC5A17004149E2 /* IOKit.framework in Frameworks */ = {isa = PBXBuildFile; fileRef = E4C2424610CC5A17004149E2 /* IOKit.framework */; };
		E4EB6799138ADC1D00A09F29 /* GLUT.framework in Frameworks */ = {isa = PBXBuildFile; fileRef = BBAB23BE13894E4700AA2426 /* GLUT.framework */; };
/* End PBXBuildFile section */

/* Begin PBXContainerItemProxy section */
		E4328147138ABC890047C5CB /* PBXContainerItemProxy */ = {
			isa = PBXContainerItemProxy;
			containerPortal = E4328143138ABC890047C5CB /* openFrameworksLib.xcodeproj */;
			proxyType = 2;
			remoteGlobalIDString = E4B27C1510CBEB8E00536013;
			remoteInfo = openFrameworks;
		};
		E4EEB9AB138B136A00A80321 /* PBXContainerItemProxy */ = {
			isa = PBXContainerItemProxy;
			containerPortal = E4328143138ABC890047C5CB /* openFrameworksLib.xcodeproj */;
			proxyType = 1;
			remoteGlobalIDString = E4B27C1410CBEB8E00536013;
			remoteInfo = openFrameworks;
		};
/* End PBXContainerItemProxy section */

/* Begin PBXCopyFilesBuildPhase section */
		E4C2427710CC5ABF004149E2 /* CopyFiles */ = {
			isa = PBXCopyFilesBuildPhase;
			buildActionMask = 2147483647;
			dstPath = "";
			dstSubfolderSpec = 10;
			files = (
				BBAB23CB13894F3D00AA2426 /* GLUT.framework in CopyFiles */,
			);
			runOnlyForDeploymentPostprocessing = 0;
		};
/* End PBXCopyFilesBuildPhase section */

/* Begin PBXFileReference section */
		4279F79415A8B9CC006C5F41 /* OpenNIFluidTestDebug.app */ = {isa = PBXFileReference; explicitFileType = wrapper.application; includeInIndex = 0; path = OpenNIFluidTestDebug.app; sourceTree = BUILT_PRODUCTS_DIR; };
		4279F7C015A8BA0E006C5F41 /* libusb.h */ = {isa = PBXFileReference; fileEncoding = 4; lastKnownFileType = sourcecode.c.h; path = libusb.h; sourceTree = "<group>"; };
		4279F7C215A8BA0E006C5F41 /* XnCommon.h */ = {isa = PBXFileReference; fileEncoding = 4; lastKnownFileType = sourcecode.c.h; path = XnCommon.h; sourceTree = "<group>"; };
		4279F7C315A8BA0E006C5F41 /* XnV3DVector.h */ = {isa = PBXFileReference; fileEncoding = 4; lastKnownFileType = sourcecode.c.h; path = XnV3DVector.h; sourceTree = "<group>"; };
		4279F7C415A8BA0E006C5F41 /* XnVActivationMessage.h */ = {isa = PBXFileReference; fileEncoding = 4; lastKnownFileType = sourcecode.c.h; path = XnVActivationMessage.h; sourceTree = "<group>"; };
		4279F7C515A8BA0E006C5F41 /* XnVBroadcaster.h */ = {isa = PBXFileReference; fileEncoding = 4; lastKnownFileType = sourcecode.c.h; path = XnVBroadcaster.h; sourceTree = "<group>"; };
		4279F7C615A8BA0E006C5F41 /* XnVCCMessage.h */ = {isa = PBXFileReference; fileEncoding = 4; lastKnownFileType = sourcecode.c.h; path = XnVCCMessage.h; sourceTree = "<group>"; };
		4279F7C715A8BA0E006C5F41 /* XnVCircle.h */ = {isa = PBXFileReference; fileEncoding = 4; lastKnownFileType = sourcecode.c.h; path = XnVCircle.h; sourceTree = "<group>"; };
		4279F7C815A8BA0E006C5F41 /* XnVCircleDetector.h */ = {isa = PBXFileReference; fileEncoding = 4; lastKnownFileType = sourcecode.c.h; path = XnVCircleDetector.h; sourceTree = "<group>"; };
		4279F7C915A8BA0E006C5F41 /* XnVClickableVirtualPlane.h */ = {isa = PBXFileReference; fileEncoding = 4; lastKnownFileType = sourcecode.c.h; path = XnVClickableVirtualPlane.h; sourceTree = "<group>"; };
		4279F7CA15A8BA0E006C5F41 /* XnVComplexMessage.h */ = {isa = PBXFileReference; fileEncoding = 4; lastKnownFileType = sourcecode.c.h; path = XnVComplexMessage.h; sourceTree = "<group>"; };
		4279F7CB15A8BA0E006C5F41 /* XnVDepthControl.h */ = {isa = PBXFileReference; fileEncoding = 4; lastKnownFileType = sourcecode.c.h; path = XnVDepthControl.h; sourceTree = "<group>"; };
		4279F7CC15A8BA0E006C5F41 /* XnVDepthGenerator.h */ = {isa = PBXFileReference; fileEncoding = 4; lastKnownFileType = sourcecode.c.h; path = XnVDepthGenerator.h; sourceTree = "<group>"; };
		4279F7CD15A8BA0E006C5F41 /* XnVDepthMessage.h */ = {isa = PBXFileReference; fileEncoding = 4; lastKnownFileType = sourcecode.c.h; path = XnVDepthMessage.h; sourceTree = "<group>"; };
		4279F7CE15A8BA0E006C5F41 /* XnVDeviceControl.h */ = {isa = PBXFileReference; fileEncoding = 4; lastKnownFileType = sourcecode.c.h; path = XnVDeviceControl.h; sourceTree = "<group>"; };
		4279F7CF15A8BA0E006C5F41 /* XnVDeviceFilter.h */ = {isa = PBXFileReference; fileEncoding = 4; lastKnownFileType = sourcecode.c.h; path = XnVDeviceFilter.h; sourceTree = "<group>"; };
		4279F7D015A8BA0E006C5F41 /* XnVDeviceGenerator.h */ = {isa = PBXFileReference; fileEncoding = 4; lastKnownFileType = sourcecode.c.h; path = XnVDeviceGenerator.h; sourceTree = "<group>"; };
		4279F7D115A8BA0E006C5F41 /* XnVDeviceMessage.h */ = {isa = PBXFileReference; fileEncoding = 4; lastKnownFileType = sourcecode.c.h; path = XnVDeviceMessage.h; sourceTree = "<group>"; };
		4279F7D215A8BA0E006C5F41 /* XnVDirection.h */ = {isa = PBXFileReference; fileEncoding = 4; lastKnownFileType = sourcecode.c.h; path = XnVDirection.h; sourceTree = "<group>"; };
		4279F7D315A8BA0E006C5F41 /* XnVFilter.h */ = {isa = PBXFileReference; fileEncoding = 4; lastKnownFileType = sourcecode.c.h; path = XnVFilter.h; sourceTree = "<group>"; };
		4279F7D415A8BA0E006C5F41 /* XnVFlowRouter.h */ = {isa = PBXFileReference; fileEncoding = 4; lastKnownFileType = sourcecode.c.h; path = XnVFlowRouter.h; sourceTree = "<group>"; };
		4279F7D515A8BA0E006C5F41 /* XnVGesture.h */ = {isa = PBXFileReference; fileEncoding = 4; lastKnownFileType = sourcecode.c.h; path = XnVGesture.h; sourceTree = "<group>"; };
		4279F7D615A8BA0E006C5F41 /* XnVHandle.h */ = {isa = PBXFileReference; fileEncoding = 4; lastKnownFileType = sourcecode.c.h; path = XnVHandle.h; sourceTree = "<group>"; };
		4279F7D715A8BA0E006C5F41 /* XnVHandPointContext.h */ = {isa = PBXFileReference; fileEncoding = 4; lastKnownFileType = sourcecode.c.h; path = XnVHandPointContext.h; sourceTree = "<group>"; };
		4279F7D815A8BA0E006C5F41 /* XnVImageGenerator.h */ = {isa = PBXFileReference; fileEncoding = 4; lastKnownFileType = sourcecode.c.h; path = XnVImageGenerator.h; sourceTree = "<group>"; };
		4279F7D915A8BA0E006C5F41 /* XnVImageMessage.h */ = {isa = PBXFileReference; fileEncoding = 4; lastKnownFileType = sourcecode.c.h; path = XnVImageMessage.h; sourceTree = "<group>"; };
		4279F7DA15A8BA0E006C5F41 /* XnVMathCommon.h */ = {isa = PBXFileReference; fileEncoding = 4; lastKnownFileType = sourcecode.c.h; path = XnVMathCommon.h; sourceTree = "<group>"; };
		4279F7DB15A8BA0E006C5F41 /* XnVMessage.h */ = {isa = PBXFileReference; fileEncoding = 4; lastKnownFileType = sourcecode.c.h; path = XnVMessage.h; sourceTree = "<group>"; };
		4279F7DC15A8BA0E006C5F41 /* XnVMessageGenerator.h */ = {isa = PBXFileReference; fileEncoding = 4; lastKnownFileType = sourcecode.c.h; path = XnVMessageGenerator.h; sourceTree = "<group>"; };
		4279F7DD15A8BA0E006C5F41 /* XnVMessageListener.h */ = {isa = PBXFileReference; fileEncoding = 4; lastKnownFileType = sourcecode.c.h; path = XnVMessageListener.h; sourceTree = "<group>"; };
		4279F7DE15A8BA0E006C5F41 /* XnVMessageMux.h */ = {isa = PBXFileReference; fileEncoding = 4; lastKnownFileType = sourcecode.c.h; path = XnVMessageMux.h; sourceTree = "<group>"; };
		4279F7DF15A8BA0E006C5F41 /* XnVMultiItemHysteresis1D.h */ = {isa = PBXFileReference; fileEncoding = 4; lastKnownFileType = sourcecode.c.h; path = XnVMultiItemHysteresis1D.h; sourceTree = "<group>"; };
		4279F7E015A8BA0E006C5F41 /* XnVMultiItemHysteresis2D.h */ = {isa = PBXFileReference; fileEncoding = 4; lastKnownFileType = sourcecode.c.h; path = XnVMultiItemHysteresis2D.h; sourceTree = "<group>"; };
		4279F7E115A8BA0E006C5F41 /* XnVMultipleHands.h */ = {isa = PBXFileReference; fileEncoding = 4; lastKnownFileType = sourcecode.c.h; path = XnVMultipleHands.h; sourceTree = "<group>"; };
		4279F7E215A8BA0E006C5F41 /* XnVMultiProcessFlowClient.h */ = {isa = PBXFileReference; fileEncoding = 4; lastKnownFileType = sourcecode.c.h; path = XnVMultiProcessFlowClient.h; sourceTree = "<group>"; };
		4279F7E315A8BA0E006C5F41 /* XnVMultiProcessFlowServer.h */ = {isa = PBXFileReference; fileEncoding = 4; lastKnownFileType = sourcecode.c.h; path = XnVMultiProcessFlowServer.h; sourceTree = "<group>"; };
		4279F7E415A8BA0E006C5F41 /* XnVNite.h */ = {isa = PBXFileReference; fileEncoding = 4; lastKnownFileType = sourcecode.c.h; path = XnVNite.h; sourceTree = "<group>"; };
		4279F7E515A8BA0E006C5F41 /* XnVNiteControls.h */ = {isa = PBXFileReference; fileEncoding = 4; lastKnownFileType = sourcecode.c.h; path = XnVNiteControls.h; sourceTree = "<group>"; };
		4279F7E615A8BA0E006C5F41 /* XnVNiteDefs.h */ = {isa = PBXFileReference; fileEncoding = 4; lastKnownFileType = sourcecode.c.h; path = XnVNiteDefs.h; sourceTree = "<group>"; };
		4279F7E715A8BA0E006C5F41 /* XnVNiteFramework.h */ = {isa = PBXFileReference; fileEncoding = 4; lastKnownFileType = sourcecode.c.h; path = XnVNiteFramework.h; sourceTree = "<group>"; };
		4279F7E815A8BA0E006C5F41 /* XnVNiteLog.h */ = {isa = PBXFileReference; fileEncoding = 4; lastKnownFileType = sourcecode.c.h; path = XnVNiteLog.h; sourceTree = "<group>"; };
		4279F7E915A8BA0E006C5F41 /* XnVNiteStatus.h */ = {isa = PBXFileReference; fileEncoding = 4; lastKnownFileType = sourcecode.c.h; path = XnVNiteStatus.h; sourceTree = "<group>"; };
		4279F7EA15A8BA0E006C5F41 /* XnVNiteVersion.h */ = {isa = PBXFileReference; fileEncoding = 4; lastKnownFileType = sourcecode.c.h; path = XnVNiteVersion.h; sourceTree = "<group>"; };
		4279F7EB15A8BA0E006C5F41 /* XnVPointArea.h */ = {isa = PBXFileReference; fileEncoding = 4; lastKnownFileType = sourcecode.c.h; path = XnVPointArea.h; sourceTree = "<group>"; };
		4279F7EC15A8BA0E006C5F41 /* XnVPointControl.h */ = {isa = PBXFileReference; fileEncoding = 4; lastKnownFileType = sourcecode.c.h; path = XnVPointControl.h; sourceTree = "<group>"; };
		4279F7ED15A8BA0E006C5F41 /* XnVPointDenoiser.h */ = {isa = PBXFileReference; fileEncoding = 4; lastKnownFileType = sourcecode.c.h; path = XnVPointDenoiser.h; sourceTree = "<group>"; };
		4279F7EE15A8BA0E006C5F41 /* XnVPointFilter.h */ = {isa = PBXFileReference; fileEncoding = 4; lastKnownFileType = sourcecode.c.h; path = XnVPointFilter.h; sourceTree = "<group>"; };
		4279F7EF15A8BA0E006C5F41 /* XnVPointMessage.h */ = {isa = PBXFileReference; fileEncoding = 4; lastKnownFileType = sourcecode.c.h; path = XnVPointMessage.h; sourceTree = "<group>"; };
		4279F7F015A8BA0E006C5F41 /* XnVPointTracker.h */ = {isa = PBXFileReference; fileEncoding = 4; lastKnownFileType = sourcecode.c.h; path = XnVPointTracker.h; sourceTree = "<group>"; };
		4279F7F115A8BA0E006C5F41 /* XnVPushDetector.h */ = {isa = PBXFileReference; fileEncoding = 4; lastKnownFileType = sourcecode.c.h; path = XnVPushDetector.h; sourceTree = "<group>"; };
		4279F7F215A8BA0E006C5F41 /* XnVSelectableSlider1D.h */ = {isa = PBXFileReference; fileEncoding = 4; lastKnownFileType = sourcecode.c.h; path = XnVSelectableSlider1D.h; sourceTree = "<group>"; };
		4279F7F315A8BA0E006C5F41 /* XnVSelectableSlider2D.h */ = {isa = PBXFileReference; fileEncoding = 4; lastKnownFileType = sourcecode.c.h; path = XnVSelectableSlider2D.h; sourceTree = "<group>"; };
		4279F7F415A8BA0E006C5F41 /* XnVSessionGenerator.h */ = {isa = PBXFileReference; fileEncoding = 4; lastKnownFileType = sourcecode.c.h; path = XnVSessionGenerator.h; sourceTree = "<group>"; };
		4279F7F515A8BA0E006C5F41 /* XnVSessionListener.h */ = {isa = PBXFileReference; fileEncoding = 4; lastKnownFileType = sourcecode.c.h; path = XnVSessionListener.h; sourceTree = "<group>"; };
		4279F7F615A8BA0E006C5F41 /* XnVSessionManager.h */ = {isa = PBXFileReference; fileEncoding = 4; lastKnownFileType = sourcecode.c.h; path = XnVSessionManager.h; sourceTree = "<group>"; };
		4279F7F715A8BA0E006C5F41 /* XnVSessionMessage.h */ = {isa = PBXFileReference; fileEncoding = 4; lastKnownFileType = sourcecode.c.h; path = XnVSessionMessage.h; sourceTree = "<group>"; };
		4279F7F815A8BA0E006C5F41 /* XnVSlider1D.h */ = {isa = PBXFileReference; fileEncoding = 4; lastKnownFileType = sourcecode.c.h; path = XnVSlider1D.h; sourceTree = "<group>"; };
		4279F7F915A8BA0E006C5F41 /* XnVSlider2D.h */ = {isa = PBXFileReference; fileEncoding = 4; lastKnownFileType = sourcecode.c.h; path = XnVSlider2D.h; sourceTree = "<group>"; };
		4279F7FA15A8BA0E006C5F41 /* XnVSlider3D.h */ = {isa = PBXFileReference; fileEncoding = 4; lastKnownFileType = sourcecode.c.h; path = XnVSlider3D.h; sourceTree = "<group>"; };
		4279F7FB15A8BA0E006C5F41 /* XnVSteadyDetector.h */ = {isa = PBXFileReference; fileEncoding = 4; lastKnownFileType = sourcecode.c.h; path = XnVSteadyDetector.h; sourceTree = "<group>"; };
		4279F7FC15A8BA0E006C5F41 /* XnVSwipeDetector.h */ = {isa = PBXFileReference; fileEncoding = 4; lastKnownFileType = sourcecode.c.h; path = XnVSwipeDetector.h; sourceTree = "<group>"; };
		4279F7FD15A8BA0E006C5F41 /* XnVVirtualCoordinates.h */ = {isa = PBXFileReference; fileEncoding = 4; lastKnownFileType = sourcecode.c.h; path = XnVVirtualCoordinates.h; sourceTree = "<group>"; };
		4279F7FE15A8BA0E006C5F41 /* XnVWaveDetector.h */ = {isa = PBXFileReference; fileEncoding = 4; lastKnownFileType = sourcecode.c.h; path = XnVWaveDetector.h; sourceTree = "<group>"; };
		4279F80115A8BA0E006C5F41 /* XnPlatformAndroid-Arm.h */ = {isa = PBXFileReference; fileEncoding = 4; lastKnownFileType = sourcecode.c.h; path = "XnPlatformAndroid-Arm.h"; sourceTree = "<group>"; };
		4279F80315A8BA0E006C5F41 /* XnOSARC.h */ = {isa = PBXFileReference; fileEncoding = 4; lastKnownFileType = sourcecode.c.h; path = XnOSARC.h; sourceTree = "<group>"; };
		4279F80415A8BA0E006C5F41 /* XnPlatformARC.h */ = {isa = PBXFileReference; fileEncoding = 4; lastKnownFileType = sourcecode.c.h; path = XnPlatformARC.h; sourceTree = "<group>"; };
		4279F80515A8BA0E006C5F41 /* IXnNodeAllocator.h */ = {isa = PBXFileReference; fileEncoding = 4; lastKnownFileType = sourcecode.c.h; path = IXnNodeAllocator.h; sourceTree = "<group>"; };
		4279F80715A8BA0E006C5F41 /* XnPlatformLinux-Arm.h */ = {isa = PBXFileReference; fileEncoding = 4; lastKnownFileType = sourcecode.c.h; path = "XnPlatformLinux-Arm.h"; sourceTree = "<group>"; };
		4279F80915A8BA0E006C5F41 /* XnOSLinux-x86.h */ = {isa = PBXFileReference; fileEncoding = 4; lastKnownFileType = sourcecode.c.h; path = "XnOSLinux-x86.h"; sourceTree = "<group>"; };
		4279F80A15A8BA0E006C5F41 /* XnPlatformLinux-x86.h */ = {isa = PBXFileReference; fileEncoding = 4; lastKnownFileType = sourcecode.c.h; path = "XnPlatformLinux-x86.h"; sourceTree = "<group>"; };
		4279F80C15A8BA0E006C5F41 /* XnPlatformMacOSX.h */ = {isa = PBXFileReference; fileEncoding = 4; lastKnownFileType = sourcecode.c.h; path = XnPlatformMacOSX.h; sourceTree = "<group>"; };
		4279F80E15A8BA0E006C5F41 /* usb100.h */ = {isa = PBXFileReference; fileEncoding = 4; lastKnownFileType = sourcecode.c.h; path = usb100.h; sourceTree = "<group>"; };
		4279F80F15A8BA0E006C5F41 /* XnOSWin32.h */ = {isa = PBXFileReference; fileEncoding = 4; lastKnownFileType = sourcecode.c.h; path = XnOSWin32.h; sourceTree = "<group>"; };
		4279F81015A8BA0E006C5F41 /* XnPlatformWin32.h */ = {isa = PBXFileReference; fileEncoding = 4; lastKnownFileType = sourcecode.c.h; path = XnPlatformWin32.h; sourceTree = "<group>"; };
		4279F81115A8BA0E006C5F41 /* XnAlgorithms.h */ = {isa = PBXFileReference; fileEncoding = 4; lastKnownFileType = sourcecode.c.h; path = XnAlgorithms.h; sourceTree = "<group>"; };
		4279F81215A8BA0E006C5F41 /* XnArray.h */ = {isa = PBXFileReference; fileEncoding = 4; lastKnownFileType = sourcecode.c.h; path = XnArray.h; sourceTree = "<group>"; };
		4279F81315A8BA0E006C5F41 /* XnBaseNode.h */ = {isa = PBXFileReference; fileEncoding = 4; lastKnownFileType = sourcecode.c.h; path = XnBaseNode.h; sourceTree = "<group>"; };
		4279F81415A8BA0E006C5F41 /* XnBitSet.h */ = {isa = PBXFileReference; fileEncoding = 4; lastKnownFileType = sourcecode.c.h; path = XnBitSet.h; sourceTree = "<group>"; };
		4279F81515A8BA0E006C5F41 /* XnCallback.h */ = {isa = PBXFileReference; fileEncoding = 4; lastKnownFileType = sourcecode.c.h; path = XnCallback.h; sourceTree = "<group>"; };
		4279F81615A8BA0E006C5F41 /* XnCodecIDs.h */ = {isa = PBXFileReference; fileEncoding = 4; lastKnownFileType = sourcecode.c.h; path = XnCodecIDs.h; sourceTree = "<group>"; };
		4279F81715A8BA0E006C5F41 /* XnContext.h */ = {isa = PBXFileReference; fileEncoding = 4; lastKnownFileType = sourcecode.c.h; path = XnContext.h; sourceTree = "<group>"; };
		4279F81815A8BA0E006C5F41 /* XnCppWrapper.h */ = {isa = PBXFileReference; fileEncoding = 4; lastKnownFileType = sourcecode.c.h; path = XnCppWrapper.h; sourceTree = "<group>"; };
		4279F81915A8BA0E006C5F41 /* XnDataTypes.h */ = {isa = PBXFileReference; fileEncoding = 4; lastKnownFileType = sourcecode.c.h; path = XnDataTypes.h; sourceTree = "<group>"; };
		4279F81A15A8BA0E006C5F41 /* XnDerivedCast.h */ = {isa = PBXFileReference; fileEncoding = 4; lastKnownFileType = sourcecode.c.h; path = XnDerivedCast.h; sourceTree = "<group>"; };
		4279F81B15A8BA0E006C5F41 /* XnDump.h */ = {isa = PBXFileReference; fileEncoding = 4; lastKnownFileType = sourcecode.c.h; path = XnDump.h; sourceTree = "<group>"; };
		4279F81C15A8BA0E006C5F41 /* XnDumpWriters.h */ = {isa = PBXFileReference; fileEncoding = 4; lastKnownFileType = sourcecode.c.h; path = XnDumpWriters.h; sourceTree = "<group>"; };
		4279F81D15A8BA0E006C5F41 /* XnEnumerationErrors.h */ = {isa = PBXFileReference; fileEncoding = 4; lastKnownFileType = sourcecode.c.h; path = XnEnumerationErrors.h; sourceTree = "<group>"; };
		4279F81E15A8BA0E006C5F41 /* XnEvent.h */ = {isa = PBXFileReference; fileEncoding = 4; lastKnownFileType = sourcecode.c.h; path = XnEvent.h; sourceTree = "<group>"; };
		4279F81F15A8BA0E006C5F41 /* XnFPSCalculator.h */ = {isa = PBXFileReference; fileEncoding = 4; lastKnownFileType = sourcecode.c.h; path = XnFPSCalculator.h; sourceTree = "<group>"; };
		4279F82015A8BA0E006C5F41 /* XnGeneralBuffer.h */ = {isa = PBXFileReference; fileEncoding = 4; lastKnownFileType = sourcecode.c.h; path = XnGeneralBuffer.h; sourceTree = "<group>"; };
		4279F82115A8BA0E006C5F41 /* XnHash.h */ = {isa = PBXFileReference; fileEncoding = 4; lastKnownFileType = sourcecode.c.h; path = XnHash.h; sourceTree = "<group>"; };
		4279F82215A8BA0E006C5F41 /* XnInternalDefs.h */ = {isa = PBXFileReference; fileEncoding = 4; lastKnownFileType = sourcecode.c.h; path = XnInternalDefs.h; sourceTree = "<group>"; };
		4279F82315A8BA0E006C5F41 /* XnLicensing.h */ = {isa = PBXFileReference; fileEncoding = 4; lastKnownFileType = sourcecode.c.h; path = XnLicensing.h; sourceTree = "<group>"; };
		4279F82415A8BA0E006C5F41 /* XnList.h */ = {isa = PBXFileReference; fileEncoding = 4; lastKnownFileType = sourcecode.c.h; path = XnList.h; sourceTree = "<group>"; };
		4279F82515A8BA0E006C5F41 /* XnLog.h */ = {isa = PBXFileReference; fileEncoding = 4; lastKnownFileType = sourcecode.c.h; path = XnLog.h; sourceTree = "<group>"; };
		4279F82615A8BA0E006C5F41 /* XnLogTypes.h */ = {isa = PBXFileReference; fileEncoding = 4; lastKnownFileType = sourcecode.c.h; path = XnLogTypes.h; sourceTree = "<group>"; };
		4279F82715A8BA0E006C5F41 /* XnLogWriterBase.h */ = {isa = PBXFileReference; fileEncoding = 4; lastKnownFileType = sourcecode.c.h; path = XnLogWriterBase.h; sourceTree = "<group>"; };
		4279F82815A8BA0E006C5F41 /* XnMacros.h */ = {isa = PBXFileReference; fileEncoding = 4; lastKnownFileType = sourcecode.c.h; path = XnMacros.h; sourceTree = "<group>"; };
		4279F82915A8BA0E006C5F41 /* XnModuleCFunctions.h */ = {isa = PBXFileReference; fileEncoding = 4; lastKnownFileType = sourcecode.c.h; path = XnModuleCFunctions.h; sourceTree = "<group>"; };
		4279F82A15A8BA0E006C5F41 /* XnModuleCppInterface.h */ = {isa = PBXFileReference; fileEncoding = 4; lastKnownFileType = sourcecode.c.h; path = XnModuleCppInterface.h; sourceTree = "<group>"; };
		4279F82B15A8BA0E006C5F41 /* XnModuleCppRegistratration.h */ = {isa = PBXFileReference; fileEncoding = 4; lastKnownFileType = sourcecode.c.h; path = XnModuleCppRegistratration.h; sourceTree = "<group>"; };
		4279F82C15A8BA0E006C5F41 /* XnModuleInterface.h */ = {isa = PBXFileReference; fileEncoding = 4; lastKnownFileType = sourcecode.c.h; path = XnModuleInterface.h; sourceTree = "<group>"; };
		4279F82D15A8BA0E006C5F41 /* XnNode.h */ = {isa = PBXFileReference; fileEncoding = 4; lastKnownFileType = sourcecode.c.h; path = XnNode.h; sourceTree = "<group>"; };
		4279F82E15A8BA0E006C5F41 /* XnNodeAllocator.h */ = {isa = PBXFileReference; fileEncoding = 4; lastKnownFileType = sourcecode.c.h; path = XnNodeAllocator.h; sourceTree = "<group>"; };
		4279F82F15A8BA0E006C5F41 /* XnOpenNI.h */ = {isa = PBXFileReference; fileEncoding = 4; lastKnownFileType = sourcecode.c.h; path = XnOpenNI.h; sourceTree = "<group>"; };
		4279F83015A8BA0E006C5F41 /* XnOS.h */ = {isa = PBXFileReference; fileEncoding = 4; lastKnownFileType = sourcecode.c.h; path = XnOS.h; sourceTree = "<group>"; };
		4279F83115A8BA0E006C5F41 /* XnOSCpp.h */ = {isa = PBXFileReference; fileEncoding = 4; lastKnownFileType = sourcecode.c.h; path = XnOSCpp.h; sourceTree = "<group>"; };
		4279F83215A8BA0E006C5F41 /* XnOSMemory.h */ = {isa = PBXFileReference; fileEncoding = 4; lastKnownFileType = sourcecode.c.h; path = XnOSMemory.h; sourceTree = "<group>"; };
		4279F83315A8BA0E006C5F41 /* XnOSStrings.h */ = {isa = PBXFileReference; fileEncoding = 4; lastKnownFileType = sourcecode.c.h; path = XnOSStrings.h; sourceTree = "<group>"; };
		4279F83415A8BA0E006C5F41 /* XnPlatform.h */ = {isa = PBXFileReference; fileEncoding = 4; lastKnownFileType = sourcecode.c.h; path = XnPlatform.h; sourceTree = "<group>"; };
		4279F83515A8BA0E006C5F41 /* XnPrdNode.h */ = {isa = PBXFileReference; fileEncoding = 4; lastKnownFileType = sourcecode.c.h; path = XnPrdNode.h; sourceTree = "<group>"; };
		4279F83615A8BA0E006C5F41 /* XnPrdNodeInfo.h */ = {isa = PBXFileReference; fileEncoding = 4; lastKnownFileType = sourcecode.c.h; path = XnPrdNodeInfo.h; sourceTree = "<group>"; };
		4279F83715A8BA0E006C5F41 /* XnPrdNodeInfoList.h */ = {isa = PBXFileReference; fileEncoding = 4; lastKnownFileType = sourcecode.c.h; path = XnPrdNodeInfoList.h; sourceTree = "<group>"; };
		4279F83815A8BA0E006C5F41 /* XnProfiling.h */ = {isa = PBXFileReference; fileEncoding = 4; lastKnownFileType = sourcecode.c.h; path = XnProfiling.h; sourceTree = "<group>"; };
		4279F83915A8BA0E006C5F41 /* XnPropNames.h */ = {isa = PBXFileReference; fileEncoding = 4; lastKnownFileType = sourcecode.c.h; path = XnPropNames.h; sourceTree = "<group>"; };
		4279F83A15A8BA0E006C5F41 /* XnQueries.h */ = {isa = PBXFileReference; fileEncoding = 4; lastKnownFileType = sourcecode.c.h; path = XnQueries.h; sourceTree = "<group>"; };
		4279F83B15A8BA0E006C5F41 /* XnQueue.h */ = {isa = PBXFileReference; fileEncoding = 4; lastKnownFileType = sourcecode.c.h; path = XnQueue.h; sourceTree = "<group>"; };
		4279F83C15A8BA0E006C5F41 /* XnScheduler.h */ = {isa = PBXFileReference; fileEncoding = 4; lastKnownFileType = sourcecode.c.h; path = XnScheduler.h; sourceTree = "<group>"; };
		4279F83D15A8BA0E006C5F41 /* XnStack.h */ = {isa = PBXFileReference; fileEncoding = 4; lastKnownFileType = sourcecode.c.h; path = XnStack.h; sourceTree = "<group>"; };
		4279F83E15A8BA0E006C5F41 /* XnStatus.h */ = {isa = PBXFileReference; fileEncoding = 4; lastKnownFileType = sourcecode.c.h; path = XnStatus.h; sourceTree = "<group>"; };
		4279F83F15A8BA0E006C5F41 /* XnStatusCodes.h */ = {isa = PBXFileReference; fileEncoding = 4; lastKnownFileType = sourcecode.c.h; path = XnStatusCodes.h; sourceTree = "<group>"; };
		4279F84015A8BA0E006C5F41 /* XnStatusRegister.h */ = {isa = PBXFileReference; fileEncoding = 4; lastKnownFileType = sourcecode.c.h; path = XnStatusRegister.h; sourceTree = "<group>"; };
		4279F84115A8BA0E006C5F41 /* XnStringsHash.h */ = {isa = PBXFileReference; fileEncoding = 4; lastKnownFileType = sourcecode.c.h; path = XnStringsHash.h; sourceTree = "<group>"; };
		4279F84215A8BA0E006C5F41 /* XnThreadSafeQueue.h */ = {isa = PBXFileReference; fileEncoding = 4; lastKnownFileType = sourcecode.c.h; path = XnThreadSafeQueue.h; sourceTree = "<group>"; };
		4279F84315A8BA0E006C5F41 /* XnTypes.h */ = {isa = PBXFileReference; fileEncoding = 4; lastKnownFileType = sourcecode.c.h; path = XnTypes.h; sourceTree = "<group>"; };
		4279F84415A8BA0E006C5F41 /* XnUSB.h */ = {isa = PBXFileReference; fileEncoding = 4; lastKnownFileType = sourcecode.c.h; path = XnUSB.h; sourceTree = "<group>"; };
		4279F84515A8BA0E006C5F41 /* XnUSBDevice.h */ = {isa = PBXFileReference; fileEncoding = 4; lastKnownFileType = sourcecode.c.h; path = XnUSBDevice.h; sourceTree = "<group>"; };
		4279F84615A8BA0E006C5F41 /* XnUtils.h */ = {isa = PBXFileReference; fileEncoding = 4; lastKnownFileType = sourcecode.c.h; path = XnUtils.h; sourceTree = "<group>"; };
		4279F84715A8BA0E006C5F41 /* XnVersion.h */ = {isa = PBXFileReference; fileEncoding = 4; lastKnownFileType = sourcecode.c.h; path = XnVersion.h; sourceTree = "<group>"; };
		4279F85E15A8BA0E006C5F41 /* ofxDepthGenerator.cpp */ = {isa = PBXFileReference; fileEncoding = 4; lastKnownFileType = sourcecode.cpp.cpp; path = ofxDepthGenerator.cpp; sourceTree = "<group>"; };
		4279F85F15A8BA0E006C5F41 /* ofxDepthGenerator.h */ = {isa = PBXFileReference; fileEncoding = 4; lastKnownFileType = sourcecode.c.h; path = ofxDepthGenerator.h; sourceTree = "<group>"; };
		4279F86015A8BA0E006C5F41 /* ofxGestureGenerator.cpp */ = {isa = PBXFileReference; fileEncoding = 4; lastKnownFileType = sourcecode.cpp.cpp; path = ofxGestureGenerator.cpp; sourceTree = "<group>"; };
		4279F86115A8BA0E006C5F41 /* ofxGestureGenerator.h */ = {isa = PBXFileReference; fileEncoding = 4; lastKnownFileType = sourcecode.c.h; path = ofxGestureGenerator.h; sourceTree = "<group>"; };
		4279F86215A8BA0E006C5F41 /* ofxHandGenerator.cpp */ = {isa = PBXFileReference; fileEncoding = 4; lastKnownFileType = sourcecode.cpp.cpp; path = ofxHandGenerator.cpp; sourceTree = "<group>"; };
		4279F86315A8BA0E006C5F41 /* ofxHandGenerator.h */ = {isa = PBXFileReference; fileEncoding = 4; lastKnownFileType = sourcecode.c.h; path = ofxHandGenerator.h; sourceTree = "<group>"; };
		4279F86415A8BA0E006C5F41 /* ofxHardwareDriver.cpp */ = {isa = PBXFileReference; fileEncoding = 4; lastKnownFileType = sourcecode.cpp.cpp; path = ofxHardwareDriver.cpp; sourceTree = "<group>"; };
		4279F86515A8BA0E006C5F41 /* ofxHardwareDriver.h */ = {isa = PBXFileReference; fileEncoding = 4; lastKnownFileType = sourcecode.c.h; path = ofxHardwareDriver.h; sourceTree = "<group>"; };
		4279F86615A8BA0E006C5F41 /* ofxImageGenerator.cpp */ = {isa = PBXFileReference; fileEncoding = 4; lastKnownFileType = sourcecode.cpp.cpp; path = ofxImageGenerator.cpp; sourceTree = "<group>"; };
		4279F86715A8BA0E006C5F41 /* ofxImageGenerator.h */ = {isa = PBXFileReference; fileEncoding = 4; lastKnownFileType = sourcecode.c.h; path = ofxImageGenerator.h; sourceTree = "<group>"; };
		4279F86815A8BA0E006C5F41 /* ofxIRGenerator.cpp */ = {isa = PBXFileReference; fileEncoding = 4; lastKnownFileType = sourcecode.cpp.cpp; path = ofxIRGenerator.cpp; sourceTree = "<group>"; };
		4279F86915A8BA0E006C5F41 /* ofxIRGenerator.h */ = {isa = PBXFileReference; fileEncoding = 4; lastKnownFileType = sourcecode.c.h; path = ofxIRGenerator.h; sourceTree = "<group>"; };
		4279F86A15A8BA0E006C5F41 /* ofxOpenNI.h */ = {isa = PBXFileReference; fileEncoding = 4; lastKnownFileType = sourcecode.c.h; path = ofxOpenNI.h; sourceTree = "<group>"; };
		4279F86B15A8BA0E006C5F41 /* ofxOpenNIContext.cpp */ = {isa = PBXFileReference; fileEncoding = 4; lastKnownFileType = sourcecode.cpp.cpp; path = ofxOpenNIContext.cpp; sourceTree = "<group>"; };
		4279F86C15A8BA0E006C5F41 /* ofxOpenNIContext.h */ = {isa = PBXFileReference; fileEncoding = 4; lastKnownFileType = sourcecode.c.h; path = ofxOpenNIContext.h; sourceTree = "<group>"; };
		4279F86D15A8BA0E006C5F41 /* ofxOpenNIMacros.h */ = {isa = PBXFileReference; fileEncoding = 4; lastKnownFileType = sourcecode.c.h; path = ofxOpenNIMacros.h; sourceTree = "<group>"; };
		4279F86E15A8BA0E006C5F41 /* ofxOpenNIRecorder.cpp */ = {isa = PBXFileReference; fileEncoding = 4; lastKnownFileType = sourcecode.cpp.cpp; path = ofxOpenNIRecorder.cpp; sourceTree = "<group>"; };
		4279F86F15A8BA0E006C5F41 /* ofxOpenNIRecorder.h */ = {isa = PBXFileReference; fileEncoding = 4; lastKnownFileType = sourcecode.c.h; path = ofxOpenNIRecorder.h; sourceTree = "<group>"; };
		4279F87015A8BA0E006C5F41 /* ofxTrackedHand.cpp */ = {isa = PBXFileReference; fileEncoding = 4; lastKnownFileType = sourcecode.cpp.cpp; path = ofxTrackedHand.cpp; sourceTree = "<group>"; };
		4279F87115A8BA0E006C5F41 /* ofxTrackedHand.h */ = {isa = PBXFileReference; fileEncoding = 4; lastKnownFileType = sourcecode.c.h; path = ofxTrackedHand.h; sourceTree = "<group>"; };
		4279F87215A8BA0E006C5F41 /* ofxTrackedUser.cpp */ = {isa = PBXFileReference; fileEncoding = 4; lastKnownFileType = sourcecode.cpp.cpp; path = ofxTrackedUser.cpp; sourceTree = "<group>"; };
		4279F87315A8BA0E006C5F41 /* ofxTrackedUser.h */ = {isa = PBXFileReference; fileEncoding = 4; lastKnownFileType = sourcecode.c.h; path = ofxTrackedUser.h; sourceTree = "<group>"; };
		4279F87415A8BA0E006C5F41 /* ofxUserGenerator.cpp */ = {isa = PBXFileReference; fileEncoding = 4; lastKnownFileType = sourcecode.cpp.cpp; path = ofxUserGenerator.cpp; sourceTree = "<group>"; };
		4279F87515A8BA0E006C5F41 /* ofxUserGenerator.h */ = {isa = PBXFileReference; fileEncoding = 4; lastKnownFileType = sourcecode.c.h; path = ofxUserGenerator.h; sourceTree = "<group>"; };
		4279F8A015A8BA40006C5F41 /* change_exec_paths.sh */ = {isa = PBXFileReference; fileEncoding = 4; lastKnownFileType = text.script.sh; path = change_exec_paths.sh; sourceTree = "<group>"; };
		4279F8A115A8BA40006C5F41 /* libnimCodecs.dylib */ = {isa = PBXFileReference; lastKnownFileType = "compiled.mach-o.dylib"; path = libnimCodecs.dylib; sourceTree = "<group>"; };
		4279F8A215A8BA40006C5F41 /* libnimMockNodes.dylib */ = {isa = PBXFileReference; lastKnownFileType = "compiled.mach-o.dylib"; path = libnimMockNodes.dylib; sourceTree = "<group>"; };
		4279F8A315A8BA40006C5F41 /* libnimRecorder.dylib */ = {isa = PBXFileReference; lastKnownFileType = "compiled.mach-o.dylib"; path = libnimRecorder.dylib; sourceTree = "<group>"; };
		4279F8A415A8BA40006C5F41 /* libOpenNI.dylib */ = {isa = PBXFileReference; lastKnownFileType = "compiled.mach-o.dylib"; path = libOpenNI.dylib; sourceTree = "<group>"; };
		4279F8A515A8BA40006C5F41 /* libusb-1.0.0.dylib */ = {isa = PBXFileReference; lastKnownFileType = "compiled.mach-o.dylib"; path = "libusb-1.0.0.dylib"; sourceTree = "<group>"; };
		4279F8A615A8BA40006C5F41 /* libXnCore.dylib */ = {isa = PBXFileReference; lastKnownFileType = "compiled.mach-o.dylib"; path = libXnCore.dylib; sourceTree = "<group>"; };
		4279F8A715A8BA40006C5F41 /* libXnDDK.dylib */ = {isa = PBXFileReference; lastKnownFileType = "compiled.mach-o.dylib"; path = libXnDDK.dylib; sourceTree = "<group>"; };
		4279F8A815A8BA40006C5F41 /* libXnDeviceFile.dylib */ = {isa = PBXFileReference; lastKnownFileType = "compiled.mach-o.dylib"; path = libXnDeviceFile.dylib; sourceTree = "<group>"; };
		4279F8A915A8BA40006C5F41 /* libXnDeviceSensorV2KM.dylib */ = {isa = PBXFileReference; lastKnownFileType = "compiled.mach-o.dylib"; path = libXnDeviceSensorV2KM.dylib; sourceTree = "<group>"; };
		4279F8AA15A8BA40006C5F41 /* libXnFormats.dylib */ = {isa = PBXFileReference; lastKnownFileType = "compiled.mach-o.dylib"; path = libXnFormats.dylib; sourceTree = "<group>"; };
		4279F8AB15A8BA40006C5F41 /* libXnVCNITE_1_5_2.dylib */ = {isa = PBXFileReference; lastKnownFileType = "compiled.mach-o.dylib"; path = libXnVCNITE_1_5_2.dylib; sourceTree = "<group>"; };
		4279F8AC15A8BA40006C5F41 /* libXnVFeatures_1_5_2.dylib */ = {isa = PBXFileReference; lastKnownFileType = "compiled.mach-o.dylib"; path = libXnVFeatures_1_5_2.dylib; sourceTree = "<group>"; };
		4279F8AD15A8BA40006C5F41 /* libXnVHandGenerator_1_5_2.dylib */ = {isa = PBXFileReference; lastKnownFileType = "compiled.mach-o.dylib"; path = libXnVHandGenerator_1_5_2.dylib; sourceTree = "<group>"; };
		4279F8AE15A8BA40006C5F41 /* libXnVNite_1_5_2.dylib */ = {isa = PBXFileReference; lastKnownFileType = "compiled.mach-o.dylib"; path = libXnVNite_1_5_2.dylib; sourceTree = "<group>"; };
		4279F92215A8DD4D006C5F41 /* ofxMPMFluid.cpp */ = {isa = PBXFileReference; fileEncoding = 4; lastKnownFileType = sourcecode.cpp.cpp; path = ofxMPMFluid.cpp; sourceTree = "<group>"; };
		4279F92315A8DD4D006C5F41 /* ofxMPMFluid.h */ = {isa = PBXFileReference; fileEncoding = 4; lastKnownFileType = sourcecode.c.h; path = ofxMPMFluid.h; sourceTree = "<group>"; };
		4279F92415A8DD4D006C5F41 /* ofxMPMNode.cpp */ = {isa = PBXFileReference; fileEncoding = 4; lastKnownFileType = sourcecode.cpp.cpp; path = ofxMPMNode.cpp; sourceTree = "<group>"; };
		4279F92515A8DD4D006C5F41 /* ofxMPMNode.h */ = {isa = PBXFileReference; fileEncoding = 4; lastKnownFileType = sourcecode.c.h; path = ofxMPMNode.h; sourceTree = "<group>"; };
		4279F92615A8DD4D006C5F41 /* ofxMPMObstacle.cpp */ = {isa = PBXFileReference; fileEncoding = 4; lastKnownFileType = sourcecode.cpp.cpp; path = ofxMPMObstacle.cpp; sourceTree = "<group>"; };
		4279F92715A8DD4D006C5F41 /* ofxMPMObstacle.h */ = {isa = PBXFileReference; fileEncoding = 4; lastKnownFileType = sourcecode.c.h; path = ofxMPMObstacle.h; sourceTree = "<group>"; };
		4279F92815A8DD4D006C5F41 /* ofxMPMParticle.cpp */ = {isa = PBXFileReference; fileEncoding = 4; lastKnownFileType = sourcecode.cpp.cpp; path = ofxMPMParticle.cpp; sourceTree = "<group>"; };
		4279F92915A8DD4D006C5F41 /* ofxMPMParticle.h */ = {isa = PBXFileReference; fileEncoding = 4; lastKnownFileType = sourcecode.c.h; path = ofxMPMParticle.h; sourceTree = "<group>"; };
		BBAB23BE13894E4700AA2426 /* GLUT.framework */ = {isa = PBXFileReference; lastKnownFileType = wrapper.framework; name = GLUT.framework; path = ../../../libs/glut/lib/osx/GLUT.framework; sourceTree = "<group>"; };
		E4328143138ABC890047C5CB /* openFrameworksLib.xcodeproj */ = {isa = PBXFileReference; lastKnownFileType = "wrapper.pb-project"; name = openFrameworksLib.xcodeproj; path = ../../../libs/openFrameworksCompiled/project/osx/openFrameworksLib.xcodeproj; sourceTree = SOURCE_ROOT; };
		E45BE9710E8CC7DD009D7055 /* AGL.framework */ = {isa = PBXFileReference; lastKnownFileType = wrapper.framework; name = AGL.framework; path = /System/Library/Frameworks/AGL.framework; sourceTree = "<absolute>"; };
		E45BE9720E8CC7DD009D7055 /* ApplicationServices.framework */ = {isa = PBXFileReference; lastKnownFileType = wrapper.framework; name = ApplicationServices.framework; path = /System/Library/Frameworks/ApplicationServices.framework; sourceTree = "<absolute>"; };
		E45BE9730E8CC7DD009D7055 /* AudioToolbox.framework */ = {isa = PBXFileReference; lastKnownFileType = wrapper.framework; name = AudioToolbox.framework; path = /System/Library/Frameworks/AudioToolbox.framework; sourceTree = "<absolute>"; };
		E45BE9740E8CC7DD009D7055 /* Carbon.framework */ = {isa = PBXFileReference; lastKnownFileType = wrapper.framework; name = Carbon.framework; path = /System/Library/Frameworks/Carbon.framework; sourceTree = "<absolute>"; };
		E45BE9750E8CC7DD009D7055 /* CoreAudio.framework */ = {isa = PBXFileReference; lastKnownFileType = wrapper.framework; name = CoreAudio.framework; path = /System/Library/Frameworks/CoreAudio.framework; sourceTree = "<absolute>"; };
		E45BE9760E8CC7DD009D7055 /* CoreFoundation.framework */ = {isa = PBXFileReference; lastKnownFileType = wrapper.framework; name = CoreFoundation.framework; path = /System/Library/Frameworks/CoreFoundation.framework; sourceTree = "<absolute>"; };
		E45BE9770E8CC7DD009D7055 /* CoreServices.framework */ = {isa = PBXFileReference; lastKnownFileType = wrapper.framework; name = CoreServices.framework; path = /System/Library/Frameworks/CoreServices.framework; sourceTree = "<absolute>"; };
		E45BE9790E8CC7DD009D7055 /* OpenGL.framework */ = {isa = PBXFileReference; lastKnownFileType = wrapper.framework; name = OpenGL.framework; path = /System/Library/Frameworks/OpenGL.framework; sourceTree = "<absolute>"; };
		E45BE97A0E8CC7DD009D7055 /* QuickTime.framework */ = {isa = PBXFileReference; lastKnownFileType = wrapper.framework; name = QuickTime.framework; path = /System/Library/Frameworks/QuickTime.framework; sourceTree = "<absolute>"; };
		E4B69E1D0A3A1BDC003C02F2 /* main.cpp */ = {isa = PBXFileReference; fileEncoding = 30; lastKnownFileType = sourcecode.cpp.cpp; name = main.cpp; path = src/main.cpp; sourceTree = SOURCE_ROOT; };
		E4B69E1E0A3A1BDC003C02F2 /* testApp.cpp */ = {isa = PBXFileReference; explicitFileType = sourcecode.cpp.cpp; fileEncoding = 30; name = testApp.cpp; path = src/testApp.cpp; sourceTree = SOURCE_ROOT; };
		E4B69E1F0A3A1BDC003C02F2 /* testApp.h */ = {isa = PBXFileReference; fileEncoding = 30; lastKnownFileType = sourcecode.c.h; name = testApp.h; path = src/testApp.h; sourceTree = SOURCE_ROOT; };
		E4B6FCAD0C3E899E008CF71C /* openFrameworks-Info.plist */ = {isa = PBXFileReference; fileEncoding = 30; lastKnownFileType = text.plist.xml; path = "openFrameworks-Info.plist"; sourceTree = "<group>"; };
		E4C2424410CC5A17004149E2 /* AppKit.framework */ = {isa = PBXFileReference; lastKnownFileType = wrapper.framework; name = AppKit.framework; path = /System/Library/Frameworks/AppKit.framework; sourceTree = "<absolute>"; };
		E4C2424510CC5A17004149E2 /* Cocoa.framework */ = {isa = PBXFileReference; lastKnownFileType = wrapper.framework; name = Cocoa.framework; path = /System/Library/Frameworks/Cocoa.framework; sourceTree = "<absolute>"; };
		E4C2424610CC5A17004149E2 /* IOKit.framework */ = {isa = PBXFileReference; lastKnownFileType = wrapper.framework; name = IOKit.framework; path = /System/Library/Frameworks/IOKit.framework; sourceTree = "<absolute>"; };
		E4EB691F138AFCF100A09F29 /* CoreOF.xcconfig */ = {isa = PBXFileReference; fileEncoding = 4; lastKnownFileType = text.xcconfig; name = CoreOF.xcconfig; path = ../../../libs/openFrameworksCompiled/project/osx/CoreOF.xcconfig; sourceTree = SOURCE_ROOT; };
		E4EB6923138AFD0F00A09F29 /* Project.xcconfig */ = {isa = PBXFileReference; fileEncoding = 4; lastKnownFileType = text.xcconfig; path = Project.xcconfig; sourceTree = "<group>"; };
/* End PBXFileReference section */

/* Begin PBXFrameworksBuildPhase section */
		E4B69B590A3A1756003C02F2 /* Frameworks */ = {
			isa = PBXFrameworksBuildPhase;
			buildActionMask = 2147483647;
			files = (
				E4EB6799138ADC1D00A09F29 /* GLUT.framework in Frameworks */,
				E4328149138ABC9F0047C5CB /* openFrameworksDebug.a in Frameworks */,
				E45BE97B0E8CC7DD009D7055 /* AGL.framework in Frameworks */,
				E45BE97C0E8CC7DD009D7055 /* ApplicationServices.framework in Frameworks */,
				E45BE97D0E8CC7DD009D7055 /* AudioToolbox.framework in Frameworks */,
				E45BE97E0E8CC7DD009D7055 /* Carbon.framework in Frameworks */,
				E45BE97F0E8CC7DD009D7055 /* CoreAudio.framework in Frameworks */,
				E45BE9800E8CC7DD009D7055 /* CoreFoundation.framework in Frameworks */,
				E45BE9810E8CC7DD009D7055 /* CoreServices.framework in Frameworks */,
				E45BE9830E8CC7DD009D7055 /* OpenGL.framework in Frameworks */,
				E45BE9840E8CC7DD009D7055 /* QuickTime.framework in Frameworks */,
				E4C2424710CC5A17004149E2 /* AppKit.framework in Frameworks */,
				E4C2424810CC5A17004149E2 /* Cocoa.framework in Frameworks */,
				E4C2424910CC5A17004149E2 /* IOKit.framework in Frameworks */,
				4279F8AF15A8BA40006C5F41 /* libnimCodecs.dylib in Frameworks */,
				4279F8B015A8BA40006C5F41 /* libnimMockNodes.dylib in Frameworks */,
				4279F8B115A8BA40006C5F41 /* libnimRecorder.dylib in Frameworks */,
				4279F8B215A8BA40006C5F41 /* libOpenNI.dylib in Frameworks */,
				4279F8B315A8BA40006C5F41 /* libusb-1.0.0.dylib in Frameworks */,
				4279F8B415A8BA40006C5F41 /* libXnCore.dylib in Frameworks */,
				4279F8B515A8BA40006C5F41 /* libXnDDK.dylib in Frameworks */,
				4279F8B615A8BA40006C5F41 /* libXnDeviceFile.dylib in Frameworks */,
				4279F8B715A8BA40006C5F41 /* libXnDeviceSensorV2KM.dylib in Frameworks */,
				4279F8B815A8BA40006C5F41 /* libXnFormats.dylib in Frameworks */,
				4279F8B915A8BA40006C5F41 /* libXnVCNITE_1_5_2.dylib in Frameworks */,
				4279F8BA15A8BA40006C5F41 /* libXnVFeatures_1_5_2.dylib in Frameworks */,
				4279F8BB15A8BA40006C5F41 /* libXnVHandGenerator_1_5_2.dylib in Frameworks */,
				4279F8BC15A8BA40006C5F41 /* libXnVNite_1_5_2.dylib in Frameworks */,
			);
			runOnlyForDeploymentPostprocessing = 0;
		};
/* End PBXFrameworksBuildPhase section */

/* Begin PBXGroup section */
		4279F79615A8BA0E006C5F41 /* ofxOpenNI */ = {
			isa = PBXGroup;
			children = (
				4279F89F15A8BA40006C5F41 /* lib */,
				4279F7BE15A8BA0E006C5F41 /* include */,
				4279F85D15A8BA0E006C5F41 /* src */,
			);
			path = ofxOpenNI;
			sourceTree = "<group>";
		};
		4279F7BE15A8BA0E006C5F41 /* include */ = {
			isa = PBXGroup;
			children = (
				4279F7BF15A8BA0E006C5F41 /* libusb */,
				4279F7C115A8BA0E006C5F41 /* nite */,
				4279F7FF15A8BA0E006C5F41 /* openni */,
			);
			path = include;
			sourceTree = "<group>";
		};
		4279F7BF15A8BA0E006C5F41 /* libusb */ = {
			isa = PBXGroup;
			children = (
				4279F7C015A8BA0E006C5F41 /* libusb.h */,
			);
			path = libusb;
			sourceTree = "<group>";
		};
		4279F7C115A8BA0E006C5F41 /* nite */ = {
			isa = PBXGroup;
			children = (
				4279F7C215A8BA0E006C5F41 /* XnCommon.h */,
				4279F7C315A8BA0E006C5F41 /* XnV3DVector.h */,
				4279F7C415A8BA0E006C5F41 /* XnVActivationMessage.h */,
				4279F7C515A8BA0E006C5F41 /* XnVBroadcaster.h */,
				4279F7C615A8BA0E006C5F41 /* XnVCCMessage.h */,
				4279F7C715A8BA0E006C5F41 /* XnVCircle.h */,
				4279F7C815A8BA0E006C5F41 /* XnVCircleDetector.h */,
				4279F7C915A8BA0E006C5F41 /* XnVClickableVirtualPlane.h */,
				4279F7CA15A8BA0E006C5F41 /* XnVComplexMessage.h */,
				4279F7CB15A8BA0E006C5F41 /* XnVDepthControl.h */,
				4279F7CC15A8BA0E006C5F41 /* XnVDepthGenerator.h */,
				4279F7CD15A8BA0E006C5F41 /* XnVDepthMessage.h */,
				4279F7CE15A8BA0E006C5F41 /* XnVDeviceControl.h */,
				4279F7CF15A8BA0E006C5F41 /* XnVDeviceFilter.h */,
				4279F7D015A8BA0E006C5F41 /* XnVDeviceGenerator.h */,
				4279F7D115A8BA0E006C5F41 /* XnVDeviceMessage.h */,
				4279F7D215A8BA0E006C5F41 /* XnVDirection.h */,
				4279F7D315A8BA0E006C5F41 /* XnVFilter.h */,
				4279F7D415A8BA0E006C5F41 /* XnVFlowRouter.h */,
				4279F7D515A8BA0E006C5F41 /* XnVGesture.h */,
				4279F7D615A8BA0E006C5F41 /* XnVHandle.h */,
				4279F7D715A8BA0E006C5F41 /* XnVHandPointContext.h */,
				4279F7D815A8BA0E006C5F41 /* XnVImageGenerator.h */,
				4279F7D915A8BA0E006C5F41 /* XnVImageMessage.h */,
				4279F7DA15A8BA0E006C5F41 /* XnVMathCommon.h */,
				4279F7DB15A8BA0E006C5F41 /* XnVMessage.h */,
				4279F7DC15A8BA0E006C5F41 /* XnVMessageGenerator.h */,
				4279F7DD15A8BA0E006C5F41 /* XnVMessageListener.h */,
				4279F7DE15A8BA0E006C5F41 /* XnVMessageMux.h */,
				4279F7DF15A8BA0E006C5F41 /* XnVMultiItemHysteresis1D.h */,
				4279F7E015A8BA0E006C5F41 /* XnVMultiItemHysteresis2D.h */,
				4279F7E115A8BA0E006C5F41 /* XnVMultipleHands.h */,
				4279F7E215A8BA0E006C5F41 /* XnVMultiProcessFlowClient.h */,
				4279F7E315A8BA0E006C5F41 /* XnVMultiProcessFlowServer.h */,
				4279F7E415A8BA0E006C5F41 /* XnVNite.h */,
				4279F7E515A8BA0E006C5F41 /* XnVNiteControls.h */,
				4279F7E615A8BA0E006C5F41 /* XnVNiteDefs.h */,
				4279F7E715A8BA0E006C5F41 /* XnVNiteFramework.h */,
				4279F7E815A8BA0E006C5F41 /* XnVNiteLog.h */,
				4279F7E915A8BA0E006C5F41 /* XnVNiteStatus.h */,
				4279F7EA15A8BA0E006C5F41 /* XnVNiteVersion.h */,
				4279F7EB15A8BA0E006C5F41 /* XnVPointArea.h */,
				4279F7EC15A8BA0E006C5F41 /* XnVPointControl.h */,
				4279F7ED15A8BA0E006C5F41 /* XnVPointDenoiser.h */,
				4279F7EE15A8BA0E006C5F41 /* XnVPointFilter.h */,
				4279F7EF15A8BA0E006C5F41 /* XnVPointMessage.h */,
				4279F7F015A8BA0E006C5F41 /* XnVPointTracker.h */,
				4279F7F115A8BA0E006C5F41 /* XnVPushDetector.h */,
				4279F7F215A8BA0E006C5F41 /* XnVSelectableSlider1D.h */,
				4279F7F315A8BA0E006C5F41 /* XnVSelectableSlider2D.h */,
				4279F7F415A8BA0E006C5F41 /* XnVSessionGenerator.h */,
				4279F7F515A8BA0E006C5F41 /* XnVSessionListener.h */,
				4279F7F615A8BA0E006C5F41 /* XnVSessionManager.h */,
				4279F7F715A8BA0E006C5F41 /* XnVSessionMessage.h */,
				4279F7F815A8BA0E006C5F41 /* XnVSlider1D.h */,
				4279F7F915A8BA0E006C5F41 /* XnVSlider2D.h */,
				4279F7FA15A8BA0E006C5F41 /* XnVSlider3D.h */,
				4279F7FB15A8BA0E006C5F41 /* XnVSteadyDetector.h */,
				4279F7FC15A8BA0E006C5F41 /* XnVSwipeDetector.h */,
				4279F7FD15A8BA0E006C5F41 /* XnVVirtualCoordinates.h */,
				4279F7FE15A8BA0E006C5F41 /* XnVWaveDetector.h */,
			);
			path = nite;
			sourceTree = "<group>";
		};
		4279F7FF15A8BA0E006C5F41 /* openni */ = {
			isa = PBXGroup;
			children = (
				4279F80015A8BA0E006C5F41 /* Android-Arm */,
				4279F80215A8BA0E006C5F41 /* ARC */,
				4279F80515A8BA0E006C5F41 /* IXnNodeAllocator.h */,
				4279F80615A8BA0E006C5F41 /* Linux-Arm */,
				4279F80815A8BA0E006C5F41 /* Linux-x86 */,
				4279F80B15A8BA0E006C5F41 /* MacOSX */,
				4279F80D15A8BA0E006C5F41 /* Win32 */,
				4279F81115A8BA0E006C5F41 /* XnAlgorithms.h */,
				4279F81215A8BA0E006C5F41 /* XnArray.h */,
				4279F81315A8BA0E006C5F41 /* XnBaseNode.h */,
				4279F81415A8BA0E006C5F41 /* XnBitSet.h */,
				4279F81515A8BA0E006C5F41 /* XnCallback.h */,
				4279F81615A8BA0E006C5F41 /* XnCodecIDs.h */,
				4279F81715A8BA0E006C5F41 /* XnContext.h */,
				4279F81815A8BA0E006C5F41 /* XnCppWrapper.h */,
				4279F81915A8BA0E006C5F41 /* XnDataTypes.h */,
				4279F81A15A8BA0E006C5F41 /* XnDerivedCast.h */,
				4279F81B15A8BA0E006C5F41 /* XnDump.h */,
				4279F81C15A8BA0E006C5F41 /* XnDumpWriters.h */,
				4279F81D15A8BA0E006C5F41 /* XnEnumerationErrors.h */,
				4279F81E15A8BA0E006C5F41 /* XnEvent.h */,
				4279F81F15A8BA0E006C5F41 /* XnFPSCalculator.h */,
				4279F82015A8BA0E006C5F41 /* XnGeneralBuffer.h */,
				4279F82115A8BA0E006C5F41 /* XnHash.h */,
				4279F82215A8BA0E006C5F41 /* XnInternalDefs.h */,
				4279F82315A8BA0E006C5F41 /* XnLicensing.h */,
				4279F82415A8BA0E006C5F41 /* XnList.h */,
				4279F82515A8BA0E006C5F41 /* XnLog.h */,
				4279F82615A8BA0E006C5F41 /* XnLogTypes.h */,
				4279F82715A8BA0E006C5F41 /* XnLogWriterBase.h */,
				4279F82815A8BA0E006C5F41 /* XnMacros.h */,
				4279F82915A8BA0E006C5F41 /* XnModuleCFunctions.h */,
				4279F82A15A8BA0E006C5F41 /* XnModuleCppInterface.h */,
				4279F82B15A8BA0E006C5F41 /* XnModuleCppRegistratration.h */,
				4279F82C15A8BA0E006C5F41 /* XnModuleInterface.h */,
				4279F82D15A8BA0E006C5F41 /* XnNode.h */,
				4279F82E15A8BA0E006C5F41 /* XnNodeAllocator.h */,
				4279F82F15A8BA0E006C5F41 /* XnOpenNI.h */,
				4279F83015A8BA0E006C5F41 /* XnOS.h */,
				4279F83115A8BA0E006C5F41 /* XnOSCpp.h */,
				4279F83215A8BA0E006C5F41 /* XnOSMemory.h */,
				4279F83315A8BA0E006C5F41 /* XnOSStrings.h */,
				4279F83415A8BA0E006C5F41 /* XnPlatform.h */,
				4279F83515A8BA0E006C5F41 /* XnPrdNode.h */,
				4279F83615A8BA0E006C5F41 /* XnPrdNodeInfo.h */,
				4279F83715A8BA0E006C5F41 /* XnPrdNodeInfoList.h */,
				4279F83815A8BA0E006C5F41 /* XnProfiling.h */,
				4279F83915A8BA0E006C5F41 /* XnPropNames.h */,
				4279F83A15A8BA0E006C5F41 /* XnQueries.h */,
				4279F83B15A8BA0E006C5F41 /* XnQueue.h */,
				4279F83C15A8BA0E006C5F41 /* XnScheduler.h */,
				4279F83D15A8BA0E006C5F41 /* XnStack.h */,
				4279F83E15A8BA0E006C5F41 /* XnStatus.h */,
				4279F83F15A8BA0E006C5F41 /* XnStatusCodes.h */,
				4279F84015A8BA0E006C5F41 /* XnStatusRegister.h */,
				4279F84115A8BA0E006C5F41 /* XnStringsHash.h */,
				4279F84215A8BA0E006C5F41 /* XnThreadSafeQueue.h */,
				4279F84315A8BA0E006C5F41 /* XnTypes.h */,
				4279F84415A8BA0E006C5F41 /* XnUSB.h */,
				4279F84515A8BA0E006C5F41 /* XnUSBDevice.h */,
				4279F84615A8BA0E006C5F41 /* XnUtils.h */,
				4279F84715A8BA0E006C5F41 /* XnVersion.h */,
			);
			path = openni;
			sourceTree = "<group>";
		};
		4279F80015A8BA0E006C5F41 /* Android-Arm */ = {
			isa = PBXGroup;
			children = (
				4279F80115A8BA0E006C5F41 /* XnPlatformAndroid-Arm.h */,
			);
			path = "Android-Arm";
			sourceTree = "<group>";
		};
		4279F80215A8BA0E006C5F41 /* ARC */ = {
			isa = PBXGroup;
			children = (
				4279F80315A8BA0E006C5F41 /* XnOSARC.h */,
				4279F80415A8BA0E006C5F41 /* XnPlatformARC.h */,
			);
			path = ARC;
			sourceTree = "<group>";
		};
		4279F80615A8BA0E006C5F41 /* Linux-Arm */ = {
			isa = PBXGroup;
			children = (
				4279F80715A8BA0E006C5F41 /* XnPlatformLinux-Arm.h */,
			);
			path = "Linux-Arm";
			sourceTree = "<group>";
		};
		4279F80815A8BA0E006C5F41 /* Linux-x86 */ = {
			isa = PBXGroup;
			children = (
				4279F80915A8BA0E006C5F41 /* XnOSLinux-x86.h */,
				4279F80A15A8BA0E006C5F41 /* XnPlatformLinux-x86.h */,
			);
			path = "Linux-x86";
			sourceTree = "<group>";
		};
		4279F80B15A8BA0E006C5F41 /* MacOSX */ = {
			isa = PBXGroup;
			children = (
				4279F80C15A8BA0E006C5F41 /* XnPlatformMacOSX.h */,
			);
			path = MacOSX;
			sourceTree = "<group>";
		};
		4279F80D15A8BA0E006C5F41 /* Win32 */ = {
			isa = PBXGroup;
			children = (
				4279F80E15A8BA0E006C5F41 /* usb100.h */,
				4279F80F15A8BA0E006C5F41 /* XnOSWin32.h */,
				4279F81015A8BA0E006C5F41 /* XnPlatformWin32.h */,
			);
			path = Win32;
			sourceTree = "<group>";
		};
		4279F85D15A8BA0E006C5F41 /* src */ = {
			isa = PBXGroup;
			children = (
				4279F85E15A8BA0E006C5F41 /* ofxDepthGenerator.cpp */,
				4279F85F15A8BA0E006C5F41 /* ofxDepthGenerator.h */,
				4279F86015A8BA0E006C5F41 /* ofxGestureGenerator.cpp */,
				4279F86115A8BA0E006C5F41 /* ofxGestureGenerator.h */,
				4279F86215A8BA0E006C5F41 /* ofxHandGenerator.cpp */,
				4279F86315A8BA0E006C5F41 /* ofxHandGenerator.h */,
				4279F86415A8BA0E006C5F41 /* ofxHardwareDriver.cpp */,
				4279F86515A8BA0E006C5F41 /* ofxHardwareDriver.h */,
				4279F86615A8BA0E006C5F41 /* ofxImageGenerator.cpp */,
				4279F86715A8BA0E006C5F41 /* ofxImageGenerator.h */,
				4279F86815A8BA0E006C5F41 /* ofxIRGenerator.cpp */,
				4279F86915A8BA0E006C5F41 /* ofxIRGenerator.h */,
				4279F86A15A8BA0E006C5F41 /* ofxOpenNI.h */,
				4279F86B15A8BA0E006C5F41 /* ofxOpenNIContext.cpp */,
				4279F86C15A8BA0E006C5F41 /* ofxOpenNIContext.h */,
				4279F86D15A8BA0E006C5F41 /* ofxOpenNIMacros.h */,
				4279F86E15A8BA0E006C5F41 /* ofxOpenNIRecorder.cpp */,
				4279F86F15A8BA0E006C5F41 /* ofxOpenNIRecorder.h */,
				4279F87015A8BA0E006C5F41 /* ofxTrackedHand.cpp */,
				4279F87115A8BA0E006C5F41 /* ofxTrackedHand.h */,
				4279F87215A8BA0E006C5F41 /* ofxTrackedUser.cpp */,
				4279F87315A8BA0E006C5F41 /* ofxTrackedUser.h */,
				4279F87415A8BA0E006C5F41 /* ofxUserGenerator.cpp */,
				4279F87515A8BA0E006C5F41 /* ofxUserGenerator.h */,
			);
			path = src;
			sourceTree = "<group>";
		};
		4279F89F15A8BA40006C5F41 /* lib */ = {
			isa = PBXGroup;
			children = (
				4279F8A015A8BA40006C5F41 /* change_exec_paths.sh */,
				4279F8A115A8BA40006C5F41 /* libnimCodecs.dylib */,
				4279F8A215A8BA40006C5F41 /* libnimMockNodes.dylib */,
				4279F8A315A8BA40006C5F41 /* libnimRecorder.dylib */,
				4279F8A415A8BA40006C5F41 /* libOpenNI.dylib */,
				4279F8A515A8BA40006C5F41 /* libusb-1.0.0.dylib */,
				4279F8A615A8BA40006C5F41 /* libXnCore.dylib */,
				4279F8A715A8BA40006C5F41 /* libXnDDK.dylib */,
				4279F8A815A8BA40006C5F41 /* libXnDeviceFile.dylib */,
				4279F8A915A8BA40006C5F41 /* libXnDeviceSensorV2KM.dylib */,
				4279F8AA15A8BA40006C5F41 /* libXnFormats.dylib */,
				4279F8AB15A8BA40006C5F41 /* libXnVCNITE_1_5_2.dylib */,
				4279F8AC15A8BA40006C5F41 /* libXnVFeatures_1_5_2.dylib */,
				4279F8AD15A8BA40006C5F41 /* libXnVHandGenerator_1_5_2.dylib */,
				4279F8AE15A8BA40006C5F41 /* libXnVNite_1_5_2.dylib */,
			);
			path = lib;
			sourceTree = "<group>";
		};
		4279F90F15A8DD4D006C5F41 /* ofxMPMFluid */ = {
			isa = PBXGroup;
			children = (
				4279F92115A8DD4D006C5F41 /* src */,
			);
			path = ofxMPMFluid;
			sourceTree = "<group>";
		};
		4279F92115A8DD4D006C5F41 /* src */ = {
			isa = PBXGroup;
			children = (
				4279F92215A8DD4D006C5F41 /* ofxMPMFluid.cpp */,
				4279F92315A8DD4D006C5F41 /* ofxMPMFluid.h */,
				4279F92415A8DD4D006C5F41 /* ofxMPMNode.cpp */,
				4279F92515A8DD4D006C5F41 /* ofxMPMNode.h */,
				4279F92615A8DD4D006C5F41 /* ofxMPMObstacle.cpp */,
				4279F92715A8DD4D006C5F41 /* ofxMPMObstacle.h */,
				4279F92815A8DD4D006C5F41 /* ofxMPMParticle.cpp */,
				4279F92915A8DD4D006C5F41 /* ofxMPMParticle.h */,
			);
			path = src;
			sourceTree = "<group>";
		};
		BB4B014C10F69532006C3DED /* addons */ = {
			isa = PBXGroup;
			children = (
				4279F90F15A8DD4D006C5F41 /* ofxMPMFluid */,
				4279F79615A8BA0E006C5F41 /* ofxOpenNI */,
			);
			name = addons;
			sourceTree = "<group>";
		};
		BBAB23C913894ECA00AA2426 /* system frameworks */ = {
			isa = PBXGroup;
			children = (
				E4C2424410CC5A17004149E2 /* AppKit.framework */,
				E4C2424510CC5A17004149E2 /* Cocoa.framework */,
				E4C2424610CC5A17004149E2 /* IOKit.framework */,
				E45BE9710E8CC7DD009D7055 /* AGL.framework */,
				E45BE9720E8CC7DD009D7055 /* ApplicationServices.framework */,
				E45BE9730E8CC7DD009D7055 /* AudioToolbox.framework */,
				E45BE9740E8CC7DD009D7055 /* Carbon.framework */,
				E45BE9750E8CC7DD009D7055 /* CoreAudio.framework */,
				E45BE9760E8CC7DD009D7055 /* CoreFoundation.framework */,
				E45BE9770E8CC7DD009D7055 /* CoreServices.framework */,
				E45BE9790E8CC7DD009D7055 /* OpenGL.framework */,
				E45BE97A0E8CC7DD009D7055 /* QuickTime.framework */,
			);
			name = "system frameworks";
			sourceTree = "<group>";
		};
		BBAB23CA13894EDB00AA2426 /* 3rd party frameworks */ = {
			isa = PBXGroup;
			children = (
				BBAB23BE13894E4700AA2426 /* GLUT.framework */,
			);
			name = "3rd party frameworks";
			sourceTree = "<group>";
		};
		E4328144138ABC890047C5CB /* Products */ = {
			isa = PBXGroup;
			children = (
				E4328148138ABC890047C5CB /* openFrameworksDebug.a */,
			);
			name = Products;
			sourceTree = "<group>";
		};
		E45BE5980E8CC70C009D7055 /* frameworks */ = {
			isa = PBXGroup;
			children = (
				BBAB23CA13894EDB00AA2426 /* 3rd party frameworks */,
				BBAB23C913894ECA00AA2426 /* system frameworks */,
			);
			name = frameworks;
			sourceTree = "<group>";
		};
		E4B69B4A0A3A1720003C02F2 = {
			isa = PBXGroup;
			children = (
				E4B6FCAD0C3E899E008CF71C /* openFrameworks-Info.plist */,
				E4EB6923138AFD0F00A09F29 /* Project.xcconfig */,
				E4B69E1C0A3A1BDC003C02F2 /* src */,
				E4EEC9E9138DF44700A80321 /* openFrameworks */,
				BB4B014C10F69532006C3DED /* addons */,
				E45BE5980E8CC70C009D7055 /* frameworks */,
				4279F79415A8B9CC006C5F41 /* OpenNIFluidTestDebug.app */,
			);
			sourceTree = "<group>";
		};
		E4B69E1C0A3A1BDC003C02F2 /* src */ = {
			isa = PBXGroup;
			children = (
				E4B69E1D0A3A1BDC003C02F2 /* main.cpp */,
				E4B69E1E0A3A1BDC003C02F2 /* testApp.cpp */,
				E4B69E1F0A3A1BDC003C02F2 /* testApp.h */,
			);
			path = src;
			sourceTree = SOURCE_ROOT;
		};
		E4EEC9E9138DF44700A80321 /* openFrameworks */ = {
			isa = PBXGroup;
			children = (
				E4EB691F138AFCF100A09F29 /* CoreOF.xcconfig */,
				E4328143138ABC890047C5CB /* openFrameworksLib.xcodeproj */,
			);
			name = openFrameworks;
			sourceTree = "<group>";
		};
/* End PBXGroup section */

/* Begin PBXNativeTarget section */
		E4B69B5A0A3A1756003C02F2 /* OpenNIFluidTest */ = {
			isa = PBXNativeTarget;
			buildConfigurationList = E4B69B5F0A3A1757003C02F2 /* Build configuration list for PBXNativeTarget "OpenNIFluidTest" */;
			buildPhases = (
				E4B69B580A3A1756003C02F2 /* Sources */,
				E4B69B590A3A1756003C02F2 /* Frameworks */,
				E4B6FFFD0C3F9AB9008CF71C /* ShellScript */,
				E4C2427710CC5ABF004149E2 /* CopyFiles */,
			);
			buildRules = (
			);
			dependencies = (
				E4EEB9AC138B136A00A80321 /* PBXTargetDependency */,
			);
			name = OpenNIFluidTest;
			productName = myOFApp;
			productReference = 4279F79415A8B9CC006C5F41 /* OpenNIFluidTestDebug.app */;
			productType = "com.apple.product-type.application";
		};
/* End PBXNativeTarget section */

/* Begin PBXProject section */
		E4B69B4C0A3A1720003C02F2 /* Project object */ = {
			isa = PBXProject;
			buildConfigurationList = E4B69B4D0A3A1720003C02F2 /* Build configuration list for PBXProject "OpenNIFluidTest" */;
			compatibilityVersion = "Xcode 2.4";
			developmentRegion = English;
			hasScannedForEncodings = 0;
			knownRegions = (
				English,
				Japanese,
				French,
				German,
			);
			mainGroup = E4B69B4A0A3A1720003C02F2;
			productRefGroup = E4B69B4A0A3A1720003C02F2;
			projectDirPath = "";
			projectReferences = (
				{
					ProductGroup = E4328144138ABC890047C5CB /* Products */;
					ProjectRef = E4328143138ABC890047C5CB /* openFrameworksLib.xcodeproj */;
				},
			);
			projectRoot = "";
			targets = (
				E4B69B5A0A3A1756003C02F2 /* OpenNIFluidTest */,
			);
		};
/* End PBXProject section */

/* Begin PBXReferenceProxy section */
		E4328148138ABC890047C5CB /* openFrameworksDebug.a */ = {
			isa = PBXReferenceProxy;
			fileType = archive.ar;
			path = openFrameworksDebug.a;
			remoteRef = E4328147138ABC890047C5CB /* PBXContainerItemProxy */;
			sourceTree = BUILT_PRODUCTS_DIR;
		};
/* End PBXReferenceProxy section */

/* Begin PBXShellScriptBuildPhase section */
		E4B6FFFD0C3F9AB9008CF71C /* ShellScript */ = {
			isa = PBXShellScriptBuildPhase;
			buildActionMask = 2147483647;
			files = (
			);
			inputPaths = (
			);
			outputPaths = (
			);
			runOnlyForDeploymentPostprocessing = 0;
			shellPath = /bin/sh;
			shellScript = "cp -f ../../../libs/fmodex/lib/osx/libfmodex.dylib \"$TARGET_BUILD_DIR/$PRODUCT_NAME.app/Contents/MacOS/libfmodex.dylib\"; install_name_tool -change ./libfmodex.dylib @executable_path/libfmodex.dylib \"$TARGET_BUILD_DIR/$PRODUCT_NAME.app/Contents/MacOS/$PRODUCT_NAME\";";
		};
/* End PBXShellScriptBuildPhase section */

/* Begin PBXSourcesBuildPhase section */
		E4B69B580A3A1756003C02F2 /* Sources */ = {
			isa = PBXSourcesBuildPhase;
			buildActionMask = 2147483647;
			files = (
				E4B69E200A3A1BDC003C02F2 /* main.cpp in Sources */,
				E4B69E210A3A1BDC003C02F2 /* testApp.cpp in Sources */,
				4279F89015A8BA0F006C5F41 /* ofxDepthGenerator.cpp in Sources */,
				4279F89115A8BA0F006C5F41 /* ofxGestureGenerator.cpp in Sources */,
				4279F89215A8BA0F006C5F41 /* ofxHandGenerator.cpp in Sources */,
				4279F89315A8BA0F006C5F41 /* ofxHardwareDriver.cpp in Sources */,
				4279F89415A8BA0F006C5F41 /* ofxImageGenerator.cpp in Sources */,
				4279F89515A8BA0F006C5F41 /* ofxIRGenerator.cpp in Sources */,
				4279F89615A8BA0F006C5F41 /* ofxOpenNIContext.cpp in Sources */,
				4279F89715A8BA0F006C5F41 /* ofxOpenNIRecorder.cpp in Sources */,
				4279F89815A8BA0F006C5F41 /* ofxTrackedHand.cpp in Sources */,
				4279F89915A8BA0F006C5F41 /* ofxTrackedUser.cpp in Sources */,
				4279F89A15A8BA0F006C5F41 /* ofxUserGenerator.cpp in Sources */,
				4279F93115A8DD4E006C5F41 /* ofxMPMFluid.cpp in Sources */,
				4279F93215A8DD4E006C5F41 /* ofxMPMNode.cpp in Sources */,
				4279F93315A8DD4E006C5F41 /* ofxMPMObstacle.cpp in Sources */,
				4279F93415A8DD4E006C5F41 /* ofxMPMParticle.cpp in Sources */,
			);
			runOnlyForDeploymentPostprocessing = 0;
		};
/* End PBXSourcesBuildPhase section */

/* Begin PBXTargetDependency section */
		E4EEB9AC138B136A00A80321 /* PBXTargetDependency */ = {
			isa = PBXTargetDependency;
			name = openFrameworks;
			targetProxy = E4EEB9AB138B136A00A80321 /* PBXContainerItemProxy */;
		};
/* End PBXTargetDependency section */

/* Begin XCBuildConfiguration section */
		E4B69B4E0A3A1720003C02F2 /* Debug */ = {
			isa = XCBuildConfiguration;
			baseConfigurationReference = E4EB6923138AFD0F00A09F29 /* Project.xcconfig */;
			buildSettings = {
				ARCHS = "$(NATIVE_ARCH)";
				CONFIGURATION_BUILD_DIR = "$(SRCROOT)/bin/";
				COPY_PHASE_STRIP = NO;
				DEAD_CODE_STRIPPING = YES;
				GCC_AUTO_VECTORIZATION = YES;
				GCC_ENABLE_SSE3_EXTENSIONS = YES;
				GCC_ENABLE_SUPPLEMENTAL_SSE3_INSTRUCTIONS = YES;
				GCC_INLINES_ARE_PRIVATE_EXTERN = NO;
				GCC_MODEL_TUNING = G5;
				GCC_SYMBOLS_PRIVATE_EXTERN = NO;
				GCC_WARN_ABOUT_DEPRECATED_FUNCTIONS = NO;
				GCC_WARN_ABOUT_INVALID_OFFSETOF_MACRO = NO;
				GCC_WARN_ALLOW_INCOMPLETE_PROTOCOL = NO;
				GCC_WARN_UNINITIALIZED_AUTOS = NO;
				GCC_WARN_UNUSED_VALUE = NO;
				GCC_WARN_UNUSED_VARIABLE = NO;
				OTHER_CPLUSPLUSFLAGS = (
					"-D__MACOSX_CORE__",
					"-lpthread",
				);
			};
			name = Debug;
		};
		E4B69B4F0A3A1720003C02F2 /* Release */ = {
			isa = XCBuildConfiguration;
			baseConfigurationReference = E4EB6923138AFD0F00A09F29 /* Project.xcconfig */;
			buildSettings = {
				ARCHS = "$(NATIVE_ARCH)";
				CONFIGURATION_BUILD_DIR = "$(SRCROOT)/bin/";
				COPY_PHASE_STRIP = YES;
				DEAD_CODE_STRIPPING = YES;
				GCC_AUTO_VECTORIZATION = YES;
				GCC_ENABLE_SSE3_EXTENSIONS = YES;
				GCC_ENABLE_SUPPLEMENTAL_SSE3_INSTRUCTIONS = YES;
				GCC_INLINES_ARE_PRIVATE_EXTERN = NO;
				GCC_MODEL_TUNING = G5;
				GCC_OPTIMIZATION_LEVEL = 3;
				GCC_SYMBOLS_PRIVATE_EXTERN = NO;
				GCC_UNROLL_LOOPS = YES;
				GCC_WARN_ABOUT_DEPRECATED_FUNCTIONS = NO;
				GCC_WARN_ABOUT_INVALID_OFFSETOF_MACRO = NO;
				GCC_WARN_ALLOW_INCOMPLETE_PROTOCOL = NO;
				GCC_WARN_UNINITIALIZED_AUTOS = NO;
				GCC_WARN_UNUSED_VALUE = NO;
				GCC_WARN_UNUSED_VARIABLE = NO;
				OTHER_CPLUSPLUSFLAGS = (
					"-D__MACOSX_CORE__",
					"-lpthread",
				);
			};
			name = Release;
		};
		E4B69B600A3A1757003C02F2 /* Debug */ = {
			isa = XCBuildConfiguration;
			buildSettings = {
				COPY_PHASE_STRIP = NO;
				FRAMEWORK_SEARCH_PATHS = (
					"$(inherited)",
					"$(FRAMEWORK_SEARCH_PATHS_QUOTED_FOR_TARGET_1)",
				);
				FRAMEWORK_SEARCH_PATHS_QUOTED_FOR_TARGET_1 = "\"$(SRCROOT)/../../../libs/glut/lib/osx\"";
				GCC_DYNAMIC_NO_PIC = NO;
				GCC_ENABLE_FIX_AND_CONTINUE = YES;
				GCC_GENERATE_DEBUGGING_SYMBOLS = YES;
				GCC_MODEL_TUNING = G4;
				GCC_PRECOMPILE_PREFIX_HEADER = YES;
				GCC_PREFIX_HEADER = "$(SYSTEM_LIBRARY_DIR)/Frameworks/Carbon.framework/Headers/Carbon.h";
				INFOPLIST_FILE = "openFrameworks-Info.plist";
				INSTALL_PATH = "$(HOME)/Applications";
				LIBRARY_SEARCH_PATHS = (
					"$(inherited)",
					"$(LIBRARY_SEARCH_PATHS_QUOTED_FOR_TARGET_1)",
					"$(LIBRARY_SEARCH_PATHS_QUOTED_FOR_TARGET_2)",
					"$(LIBRARY_SEARCH_PATHS_QUOTED_FOR_TARGET_3)",
					"$(LIBRARY_SEARCH_PATHS_QUOTED_FOR_TARGET_4)",
					"$(LIBRARY_SEARCH_PATHS_QUOTED_FOR_TARGET_5)",
					"$(LIBRARY_SEARCH_PATHS_QUOTED_FOR_TARGET_6)",
					"$(LIBRARY_SEARCH_PATHS_QUOTED_FOR_TARGET_7)",
					"$(LIBRARY_SEARCH_PATHS_QUOTED_FOR_TARGET_8)",
					"$(LIBRARY_SEARCH_PATHS_QUOTED_FOR_TARGET_9)",
					"$(LIBRARY_SEARCH_PATHS_QUOTED_FOR_TARGET_10)",
					"$(LIBRARY_SEARCH_PATHS_QUOTED_FOR_TARGET_11)",
					"$(LIBRARY_SEARCH_PATHS_QUOTED_FOR_TARGET_12)",
					"$(LIBRARY_SEARCH_PATHS_QUOTED_FOR_TARGET_13)",
					"$(LIBRARY_SEARCH_PATHS_QUOTED_FOR_TARGET_14)",
					"$(LIBRARY_SEARCH_PATHS_QUOTED_FOR_TARGET_15)",
					"$(LIBRARY_SEARCH_PATHS_QUOTED_FOR_TARGET_2)",
					"$(LIBRARY_SEARCH_PATHS_QUOTED_FOR_TARGET_3)",
					"$(LIBRARY_SEARCH_PATHS_QUOTED_FOR_TARGET_7)",
					"$(LIBRARY_SEARCH_PATHS_QUOTED_FOR_TARGET_8)",
					"$(LIBRARY_SEARCH_PATHS_QUOTED_FOR_TARGET_9)",
					"$(LIBRARY_SEARCH_PATHS_QUOTED_FOR_TARGET_10)",
					"$(LIBRARY_SEARCH_PATHS_QUOTED_FOR_TARGET_11)",
					"$(LIBRARY_SEARCH_PATHS_QUOTED_FOR_TARGET_12)",
					"$(LIBRARY_SEARCH_PATHS_QUOTED_FOR_TARGET_13)",
					"$(LIBRARY_SEARCH_PATHS_QUOTED_FOR_TARGET_16)",
					"$(LIBRARY_SEARCH_PATHS_QUOTED_FOR_TARGET_17)",
					"$(LIBRARY_SEARCH_PATHS_QUOTED_FOR_TARGET_18)",
					"$(LIBRARY_SEARCH_PATHS_QUOTED_FOR_TARGET_19)",
					"$(LIBRARY_SEARCH_PATHS_QUOTED_FOR_TARGET_20)",
					"$(LIBRARY_SEARCH_PATHS_QUOTED_FOR_TARGET_21)",
					"$(LIBRARY_SEARCH_PATHS_QUOTED_FOR_TARGET_22)",
					"$(LIBRARY_SEARCH_PATHS_QUOTED_FOR_TARGET_23)",
					"$(LIBRARY_SEARCH_PATHS_QUOTED_FOR_TARGET_24)",
					"$(LIBRARY_SEARCH_PATHS_QUOTED_FOR_TARGET_25)",
					"$(LIBRARY_SEARCH_PATHS_QUOTED_FOR_TARGET_26)",
					"$(LIBRARY_SEARCH_PATHS_QUOTED_FOR_TARGET_27)",
					"$(LIBRARY_SEARCH_PATHS_QUOTED_FOR_TARGET_28)",
					"$(LIBRARY_SEARCH_PATHS_QUOTED_FOR_TARGET_29)",
					"$(LIBRARY_SEARCH_PATHS_QUOTED_FOR_TARGET_30)",
					"$(LIBRARY_SEARCH_PATHS_QUOTED_FOR_TARGET_31)",
					"$(LIBRARY_SEARCH_PATHS_QUOTED_FOR_TARGET_32)",
					"$(LIBRARY_SEARCH_PATHS_QUOTED_FOR_TARGET_33)",
					"$(LIBRARY_SEARCH_PATHS_QUOTED_FOR_TARGET_34)",
					"$(LIBRARY_SEARCH_PATHS_QUOTED_FOR_TARGET_35)",
					"$(LIBRARY_SEARCH_PATHS_QUOTED_FOR_TARGET_36)",
					"$(LIBRARY_SEARCH_PATHS_QUOTED_FOR_TARGET_37)",
					"$(LIBRARY_SEARCH_PATHS_QUOTED_FOR_TARGET_38)",
					"$(LIBRARY_SEARCH_PATHS_QUOTED_FOR_TARGET_39)",
					"$(LIBRARY_SEARCH_PATHS_QUOTED_FOR_TARGET_40)",
					"$(LIBRARY_SEARCH_PATHS_QUOTED_FOR_TARGET_41)",
					"$(LIBRARY_SEARCH_PATHS_QUOTED_FOR_TARGET_42)",
					"$(LIBRARY_SEARCH_PATHS_QUOTED_FOR_TARGET_43)",
					"$(LIBRARY_SEARCH_PATHS_QUOTED_FOR_TARGET_44)",
					"$(LIBRARY_SEARCH_PATHS_QUOTED_FOR_TARGET_45)",
					"$(LIBRARY_SEARCH_PATHS_QUOTED_FOR_TARGET_46)",
					"$(LIBRARY_SEARCH_PATHS_QUOTED_FOR_TARGET_47)",
					"$(LIBRARY_SEARCH_PATHS_QUOTED_FOR_TARGET_48)",
					"$(LIBRARY_SEARCH_PATHS_QUOTED_FOR_TARGET_49)",
					"$(LIBRARY_SEARCH_PATHS_QUOTED_FOR_TARGET_50)",
					"$(LIBRARY_SEARCH_PATHS_QUOTED_FOR_TARGET_51)",
					"$(LIBRARY_SEARCH_PATHS_QUOTED_FOR_TARGET_52)",
					"$(LIBRARY_SEARCH_PATHS_QUOTED_FOR_TARGET_1)",
					"$(LIBRARY_SEARCH_PATHS_QUOTED_FOR_TARGET_2)",
					"$(LIBRARY_SEARCH_PATHS_QUOTED_FOR_TARGET_3)",
				);
				LIBRARY_SEARCH_PATHS_QUOTED_FOR_TARGET_1 = "\"$(SRCROOT)/ofxOpenNI/mac/copy_to_data_openni_path/lib\"";
				LIBRARY_SEARCH_PATHS_QUOTED_FOR_TARGET_2 = "\"$(SRCROOT)/ofxOpenNI/win/copy_to_data_openni_path/lib\"";
				LIBRARY_SEARCH_PATHS_QUOTED_FOR_TARGET_3 = "\"$(SRCROOT)/ofxOpenNI/lib\"";
				PREBINDING = NO;
				PRODUCT_NAME = "$(TARGET_NAME)Debug";
				WRAPPER_EXTENSION = app;
			};
			name = Debug;
		};
		E4B69B610A3A1757003C02F2 /* Release */ = {
			isa = XCBuildConfiguration;
			buildSettings = {
				COPY_PHASE_STRIP = YES;
				FRAMEWORK_SEARCH_PATHS = (
					"$(inherited)",
					"$(FRAMEWORK_SEARCH_PATHS_QUOTED_FOR_TARGET_1)",
				);
				FRAMEWORK_SEARCH_PATHS_QUOTED_FOR_TARGET_1 = "\"$(SRCROOT)/../../../libs/glut/lib/osx\"";
				GCC_ENABLE_FIX_AND_CONTINUE = NO;
				GCC_GENERATE_DEBUGGING_SYMBOLS = NO;
				GCC_MODEL_TUNING = G4;
				GCC_PRECOMPILE_PREFIX_HEADER = YES;
				GCC_PREFIX_HEADER = "$(SYSTEM_LIBRARY_DIR)/Frameworks/Carbon.framework/Headers/Carbon.h";
				INFOPLIST_FILE = "openFrameworks-Info.plist";
				INSTALL_PATH = "$(HOME)/Applications";
				LIBRARY_SEARCH_PATHS = (
					"$(inherited)",
					"$(LIBRARY_SEARCH_PATHS_QUOTED_FOR_TARGET_1)",
					"$(LIBRARY_SEARCH_PATHS_QUOTED_FOR_TARGET_2)",
					"$(LIBRARY_SEARCH_PATHS_QUOTED_FOR_TARGET_3)",
					"$(LIBRARY_SEARCH_PATHS_QUOTED_FOR_TARGET_4)",
					"$(LIBRARY_SEARCH_PATHS_QUOTED_FOR_TARGET_5)",
					"$(LIBRARY_SEARCH_PATHS_QUOTED_FOR_TARGET_6)",
					"$(LIBRARY_SEARCH_PATHS_QUOTED_FOR_TARGET_7)",
					"$(LIBRARY_SEARCH_PATHS_QUOTED_FOR_TARGET_8)",
					"$(LIBRARY_SEARCH_PATHS_QUOTED_FOR_TARGET_9)",
					"$(LIBRARY_SEARCH_PATHS_QUOTED_FOR_TARGET_10)",
					"$(LIBRARY_SEARCH_PATHS_QUOTED_FOR_TARGET_11)",
					"$(LIBRARY_SEARCH_PATHS_QUOTED_FOR_TARGET_12)",
					"$(LIBRARY_SEARCH_PATHS_QUOTED_FOR_TARGET_13)",
					"$(LIBRARY_SEARCH_PATHS_QUOTED_FOR_TARGET_14)",
					"$(LIBRARY_SEARCH_PATHS_QUOTED_FOR_TARGET_15)",
					"$(LIBRARY_SEARCH_PATHS_QUOTED_FOR_TARGET_2)",
					"$(LIBRARY_SEARCH_PATHS_QUOTED_1)",
					"$(LIBRARY_SEARCH_PATHS_QUOTED_FOR_TARGET_3)",
					"$(LIBRARY_SEARCH_PATHS_QUOTED_FOR_TARGET_7)",
					"$(LIBRARY_SEARCH_PATHS_QUOTED_FOR_TARGET_8)",
					"$(LIBRARY_SEARCH_PATHS_QUOTED_FOR_TARGET_9)",
					"$(LIBRARY_SEARCH_PATHS_QUOTED_FOR_TARGET_10)",
					"$(LIBRARY_SEARCH_PATHS_QUOTED_FOR_TARGET_11)",
					"$(LIBRARY_SEARCH_PATHS_QUOTED_FOR_TARGET_12)",
					"$(LIBRARY_SEARCH_PATHS_QUOTED_FOR_TARGET_13)",
					"$(LIBRARY_SEARCH_PATHS_QUOTED_FOR_TARGET_16)",
					"$(LIBRARY_SEARCH_PATHS_QUOTED_FOR_TARGET_17)",
					"$(LIBRARY_SEARCH_PATHS_QUOTED_FOR_TARGET_18)",
					"$(LIBRARY_SEARCH_PATHS_QUOTED_FOR_TARGET_19)",
					"$(LIBRARY_SEARCH_PATHS_QUOTED_FOR_TARGET_20)",
					"$(LIBRARY_SEARCH_PATHS_QUOTED_FOR_TARGET_21)",
					"$(LIBRARY_SEARCH_PATHS_QUOTED_FOR_TARGET_22)",
					"$(LIBRARY_SEARCH_PATHS_QUOTED_FOR_TARGET_23)",
					"$(LIBRARY_SEARCH_PATHS_QUOTED_FOR_TARGET_24)",
					"$(LIBRARY_SEARCH_PATHS_QUOTED_FOR_TARGET_25)",
					"$(LIBRARY_SEARCH_PATHS_QUOTED_FOR_TARGET_26)",
					"$(LIBRARY_SEARCH_PATHS_QUOTED_FOR_TARGET_27)",
					"$(LIBRARY_SEARCH_PATHS_QUOTED_FOR_TARGET_28)",
					"$(LIBRARY_SEARCH_PATHS_QUOTED_FOR_TARGET_29)",
					"$(LIBRARY_SEARCH_PATHS_QUOTED_FOR_TARGET_30)",
					"$(LIBRARY_SEARCH_PATHS_QUOTED_FOR_TARGET_31)",
					"$(LIBRARY_SEARCH_PATHS_QUOTED_FOR_TARGET_32)",
					"$(LIBRARY_SEARCH_PATHS_QUOTED_FOR_TARGET_33)",
					"$(LIBRARY_SEARCH_PATHS_QUOTED_FOR_TARGET_34)",
					"$(LIBRARY_SEARCH_PATHS_QUOTED_FOR_TARGET_35)",
					"$(LIBRARY_SEARCH_PATHS_QUOTED_FOR_TARGET_36)",
					"$(LIBRARY_SEARCH_PATHS_QUOTED_FOR_TARGET_37)",
					"$(LIBRARY_SEARCH_PATHS_QUOTED_FOR_TARGET_38)",
					"$(LIBRARY_SEARCH_PATHS_QUOTED_FOR_TARGET_39)",
					"$(LIBRARY_SEARCH_PATHS_QUOTED_FOR_TARGET_40)",
					"$(LIBRARY_SEARCH_PATHS_QUOTED_FOR_TARGET_41)",
					"$(LIBRARY_SEARCH_PATHS_QUOTED_FOR_TARGET_42)",
					"$(LIBRARY_SEARCH_PATHS_QUOTED_FOR_TARGET_43)",
					"$(LIBRARY_SEARCH_PATHS_QUOTED_FOR_TARGET_44)",
					"$(LIBRARY_SEARCH_PATHS_QUOTED_FOR_TARGET_45)",
					"$(LIBRARY_SEARCH_PATHS_QUOTED_FOR_TARGET_46)",
					"$(LIBRARY_SEARCH_PATHS_QUOTED_FOR_TARGET_47)",
					"$(LIBRARY_SEARCH_PATHS_QUOTED_FOR_TARGET_48)",
					"$(LIBRARY_SEARCH_PATHS_QUOTED_FOR_TARGET_49)",
					"$(LIBRARY_SEARCH_PATHS_QUOTED_FOR_TARGET_50)",
					"$(LIBRARY_SEARCH_PATHS_QUOTED_FOR_TARGET_51)",
					"$(LIBRARY_SEARCH_PATHS_QUOTED_FOR_TARGET_1)",
					"$(LIBRARY_SEARCH_PATHS_QUOTED_FOR_TARGET_2)",
					"$(LIBRARY_SEARCH_PATHS_QUOTED_FOR_TARGET_3)",
				);
				LIBRARY_SEARCH_PATHS_QUOTED_FOR_TARGET_1 = "\"$(SRCROOT)/ofxOpenNI/mac/copy_to_data_openni_path/lib\"";
				LIBRARY_SEARCH_PATHS_QUOTED_FOR_TARGET_2 = "\"$(SRCROOT)/ofxOpenNI/win/copy_to_data_openni_path/lib\"";
				LIBRARY_SEARCH_PATHS_QUOTED_FOR_TARGET_3 = "\"$(SRCROOT)/ofxOpenNI/lib\"";
				PREBINDING = NO;
				PRODUCT_NAME = "$(TARGET_NAME)";
				WRAPPER_EXTENSION = app;
			};
			name = Release;
		};
/* End XCBuildConfiguration section */

/* Begin XCConfigurationList section */
		E4B69B4D0A3A1720003C02F2 /* Build configuration list for PBXProject "OpenNIFluidTest" */ = {
			isa = XCConfigurationList;
			buildConfigurations = (
				E4B69B4E0A3A1720003C02F2 /* Debug */,
				E4B69B4F0A3A1720003C02F2 /* Release */,
			);
			defaultConfigurationIsVisible = 0;
			defaultConfigurationName = Release;
		};
		E4B69B5F0A3A1757003C02F2 /* Build configuration list for PBXNativeTarget "OpenNIFluidTest" */ = {
			isa = XCConfigurationList;
			buildConfigurations = (
				E4B69B600A3A1757003C02F2 /* Debug */,
				E4B69B610A3A1757003C02F2 /* Release */,
			);
			defaultConfigurationIsVisible = 0;
			defaultConfigurationName = Release;
		};
/* End XCConfigurationList section */
	};
	rootObject = E4B69B4C0A3A1720003C02F2 /* Project object */;
}
